PODS:
  - WebEngage (5.2.0):
    - WebEngage/Xcode11 (= 5.2.0)
  - WebEngage/Xcode11 (5.2.0)
  - WebEngageAppEx/ContentExtension (0.8.0):
    - WebEngageAppEx/CoreApi
  - WebEngageAppEx/CoreApi (0.8.0)
  - WebEngageBannerPush (0.8.0)

DEPENDENCIES:
  - WebEngage
  - WebEngageAppEx/ContentExtension (from `../`)
  - WebEngageBannerPush (from `../`)

SPEC REPOS:
  trunk:
    - WebEngage

EXTERNAL SOURCES:
  WebEngageAppEx:
    :path: "../"
  WebEngageBannerPush:
    :path: "../"

SPEC CHECKSUMS:
  WebEngage: de2dec31cfcfa475ff75a4a229984e0d4f0ba010
  WebEngageAppEx: c13cb8b7050a4a8b39e15623d041e54c3120b8a2
  WebEngageBannerPush: 4450a63b42f893ec01dd36981d5c90964b5087f8

PODFILE CHECKSUM: 53370253be510f346084ab02f2c426eb1a414221

COCOAPODS: 1.9.0
