PODS:
  - libwebp (1.0.2):
    - libwebp/core (= 1.0.2)
    - libwebp/dec (= 1.0.2)
    - libwebp/demux (= 1.0.2)
    - libwebp/dsp (= 1.0.2)
    - libwebp/enc (= 1.0.2)
    - libwebp/mux (= 1.0.2)
    - libwebp/utils (= 1.0.2)
    - libwebp/webp (= 1.0.2)
  - libwebp/core (1.0.2):
    - libwebp/webp
  - libwebp/dec (1.0.2):
    - libwebp/core
  - libwebp/demux (1.0.2):
    - libwebp/core
  - libwebp/dsp (1.0.2):
    - libwebp/core
  - libwebp/enc (1.0.2):
    - libwebp/core
  - libwebp/mux (1.0.2):
    - libwebp/core
  - libwebp/utils (1.0.2):
    - libwebp/core
  - libwebp/webp (1.0.2)
  - WebEngage (4.4.0):
    - WebEngage/Xcode10 (= 4.4.0)
  - WebEngage/Xcode10 (4.4.0)
  - WebEngageAppEx/ContentExtension (0.4.0):
    - libwebp (~> 1.0.2)
    - WebEngageAppEx/CoreApi
  - WebEngageAppEx/CoreApi (0.4.0)
  - WebEngageBannerPush (0.4.0):
    - libwebp (~> 1.0.2)

DEPENDENCIES:
  - WebEngage
  - WebEngageAppEx/ContentExtension (from `../`)
  - WebEngageBannerPush (from `../`)

SPEC REPOS:
  https://github.com/cocoapods/specs.git:
    - libwebp
    - WebEngage

EXTERNAL SOURCES:
  WebEngageAppEx:
    :path: "../"
  WebEngageBannerPush:
    :path: "../"

SPEC CHECKSUMS:
  libwebp: b068a3bd7c45f7460f6715be7bed1a18fd5d6b48
  WebEngage: 3893bb6d4ca56b0bcc954d8c6375215a2612b759
  WebEngageAppEx: 8886c93421bca64c137d23626fb958bf2dcc62ca
  WebEngageBannerPush: 65e5c72c05c6807edbb94e39cea01ed6b92cfea7

PODFILE CHECKSUM: e6e5d3acc715b026b89f8998c0dc88f9d23ea68e

COCOAPODS: 1.7.0.rc.1
