PODS:
  - WebEngage (4.3.0):
    - WebEngage/Xcode10 (= 4.3.0)
  - WebEngage/Xcode10 (4.3.0)
  - WebEngageAppEx/ContentExtension (0.3.0):
    - WebEngageAppEx/CoreApi
  - WebEngageAppEx/CoreApi (0.3.0)
  - WebEngageBannerPush (0.3.0)

DEPENDENCIES:
  - WebEngage
  - WebEngageAppEx/ContentExtension (from `../`)
  - WebEngageBannerPush (from `../`)

SPEC REPOS:
  https://github.com/cocoapods/specs.git:
    - WebEngage

EXTERNAL SOURCES:
  WebEngageAppEx:
    :path: "../"
  WebEngageBannerPush:
    :path: "../"

SPEC CHECKSUMS:
  WebEngage: df06adfbede096e2334b761202ad0635691801bd
  WebEngageAppEx: ead8b8ba3f02d4e28737e63ff2851a93c3330f48
  WebEngageBannerPush: 37e3f9afe915b051a33ac7831d170dd692c5656b

PODFILE CHECKSUM: 015a39c8e28012b91bce7d8e0354049356991b93

COCOAPODS: 1.6.1
