// !$*UTF8*$!
{
	archiveVersion = 1;
	classes = {
	};
	objectVersion = 51;
	objects = {

/* Begin PBXBuildFile section */
		020CF31F1616AA196EBC6EB9 /* libPods-WEGExtensionApp.a in Frameworks */ = {isa = PBXBuildFile; fileRef = 8167C6E259A361F9B2183151 /* libPods-WEGExtensionApp.a */; };
		13BC25B02A53AE6781BB7989 /* libPods-ServiceExtension.a in Frameworks */ = {isa = PBXBuildFile; fileRef = 30F6D721B5CA3D9E091692E7 /* libPods-ServiceExtension.a */; };
		E4B8DBC3C26E4089EA6553EE /* libPods-ContentExtension.a in Frameworks */ = {isa = PBXBuildFile; fileRef = 47CF75C2CE610E7FDA5DD83E /* libPods-ContentExtension.a */; };
		EC28A79622D8B0320071C563 /* WEXRichPushNotificationViewController.swift in Sources */ = {isa = PBXBuildFile; fileRef = EC28A79522D8B0320071C563 /* WEXRichPushNotificationViewController.swift */; };
		EC427EF221B6987C001EC77F /* AppDelegate.swift in Sources */ = {isa = PBXBuildFile; fileRef = EC427EF121B6987C001EC77F /* AppDelegate.swift */; };
		EC427EF421B6987C001EC77F /* ViewController.swift in Sources */ = {isa = PBXBuildFile; fileRef = EC427EF321B6987C001EC77F /* ViewController.swift */; };
		EC427EF721B6987C001EC77F /* Main.storyboard in Resources */ = {isa = PBXBuildFile; fileRef = EC427EF521B6987C001EC77F /* Main.storyboard */; };
		EC427EF921B6987D001EC77F /* Assets.xcassets in Resources */ = {isa = PBXBuildFile; fileRef = EC427EF821B6987D001EC77F /* Assets.xcassets */; };
		EC427EFC21B6987D001EC77F /* LaunchScreen.storyboard in Resources */ = {isa = PBXBuildFile; fileRef = EC427EFA21B6987D001EC77F /* LaunchScreen.storyboard */; };
		EC7FA0D222423D0900910E1B /* ServiceExtension.appex in Embed App Extensions */ = {isa = PBXBuildFile; fileRef = EC7FA0CB22423D0900910E1B /* ServiceExtension.appex */; settings = {ATTRIBUTES = (RemoveHeadersOnCopy, ); }; };
		EC7FA0DB22423D1B00910E1B /* UserNotifications.framework in Frameworks */ = {isa = PBXBuildFile; fileRef = EC427F1921B698BA001EC77F /* UserNotifications.framework */; };
		EC7FA0DC22423D1B00910E1B /* UserNotificationsUI.framework in Frameworks */ = {isa = PBXBuildFile; fileRef = EC427F1B21B698BA001EC77F /* UserNotificationsUI.framework */; };
		EC7FA0DF22423D1B00910E1B /* NotificationViewController.swift in Sources */ = {isa = PBXBuildFile; fileRef = EC7FA0DE22423D1B00910E1B /* NotificationViewController.swift */; };
		EC7FA0E222423D1B00910E1B /* MainInterface.storyboard in Resources */ = {isa = PBXBuildFile; fileRef = EC7FA0E022423D1B00910E1B /* MainInterface.storyboard */; };
		EC7FA0E622423D1B00910E1B /* ContentExtension.appex in Embed App Extensions */ = {isa = PBXBuildFile; fileRef = EC7FA0DA22423D1B00910E1B /* ContentExtension.appex */; settings = {ATTRIBUTES = (RemoveHeadersOnCopy, ); }; };
		EC7FA0EC22423D6100910E1B /* NotificationService.swift in Sources */ = {isa = PBXBuildFile; fileRef = EC7FA0EB22423D6100910E1B /* NotificationService.swift */; };
		ECD8C55822D37C84000550C8 /* WEXPushNotificationService.swift in Sources */ = {isa = PBXBuildFile; fileRef = ECD8C54322D37C84000550C8 /* WEXPushNotificationService.swift */; };
		ECD8C55922D37C84000550C8 /* WEXRichPushNotificationViewController.m in Sources */ = {isa = PBXBuildFile; fileRef = ECD8C54722D37C84000550C8 /* WEXRichPushNotificationViewController.m */; };
		ECD8C55A22D37C84000550C8 /* WEXCarouselPushNotificationViewController.m in Sources */ = {isa = PBXBuildFile; fileRef = ECD8C54822D37C84000550C8 /* WEXCarouselPushNotificationViewController.m */; };
		ECD8C55B22D37C84000550C8 /* WEXRatingPushNotificationViewController.m in Sources */ = {isa = PBXBuildFile; fileRef = ECD8C54922D37C84000550C8 /* WEXRatingPushNotificationViewController.m */; };
		ECD8C55C22D37C84000550C8 /* WEXRichPushLayout.m in Sources */ = {isa = PBXBuildFile; fileRef = ECD8C54B22D37C84000550C8 /* WEXRichPushLayout.m */; };
		ECD8C55E22D37C84000550C8 /* WEXAnalytics.m in Sources */ = {isa = PBXBuildFile; fileRef = ECD8C55322D37C84000550C8 /* WEXAnalytics.m */; };
		ECD8C55F22D37C84000550C8 /* WEXUser.m in Sources */ = {isa = PBXBuildFile; fileRef = ECD8C55422D37C84000550C8 /* WEXUser.m */; };
		ECD8C56022D37C84000550C8 /* WEXCoreUtils.m in Sources */ = {isa = PBXBuildFile; fileRef = ECD8C55522D37C84000550C8 /* WEXCoreUtils.m */; };
		ECD8C56122D37C84000550C8 /* .gitkeep in Resources */ = {isa = PBXBuildFile; fileRef = ECD8C55722D37C84000550C8 /* .gitkeep */; };
/* End PBXBuildFile section */

/* Begin PBXContainerItemProxy section */
		EC7FA0D022423D0900910E1B /* PBXContainerItemProxy */ = {
			isa = PBXContainerItemProxy;
			containerPortal = EC427EE621B6987C001EC77F /* Project object */;
			proxyType = 1;
			remoteGlobalIDString = EC7FA0CA22423D0900910E1B;
			remoteInfo = ServiceExtension;
		};
		EC7FA0E422423D1B00910E1B /* PBXContainerItemProxy */ = {
			isa = PBXContainerItemProxy;
			containerPortal = EC427EE621B6987C001EC77F /* Project object */;
			proxyType = 1;
			remoteGlobalIDString = EC7FA0D922423D1B00910E1B;
			remoteInfo = ContentExtension;
		};
/* End PBXContainerItemProxy section */

/* Begin PBXCopyFilesBuildPhase section */
		EC427F1221B698A3001EC77F /* Embed App Extensions */ = {
			isa = PBXCopyFilesBuildPhase;
			buildActionMask = 2147483647;
			dstPath = "";
			dstSubfolderSpec = 13;
			files = (
				EC7FA0E622423D1B00910E1B /* ContentExtension.appex in Embed App Extensions */,
				EC7FA0D222423D0900910E1B /* ServiceExtension.appex in Embed App Extensions */,
			);
			name = "Embed App Extensions";
			runOnlyForDeploymentPostprocessing = 0;
		};
/* End PBXCopyFilesBuildPhase section */

/* Begin PBXFileReference section */
		30F6D721B5CA3D9E091692E7 /* libPods-ServiceExtension.a */ = {isa = PBXFileReference; explicitFileType = archive.ar; includeInIndex = 0; path = "libPods-ServiceExtension.a"; sourceTree = BUILT_PRODUCTS_DIR; };
		47CF75C2CE610E7FDA5DD83E /* libPods-ContentExtension.a */ = {isa = PBXFileReference; explicitFileType = archive.ar; includeInIndex = 0; path = "libPods-ContentExtension.a"; sourceTree = BUILT_PRODUCTS_DIR; };
		56A49FB8EB9E003121E4C723 /* Pods-WEGExtensionApp.debug.xcconfig */ = {isa = PBXFileReference; includeInIndex = 1; lastKnownFileType = text.xcconfig; name = "Pods-WEGExtensionApp.debug.xcconfig"; path = "Pods/Target Support Files/Pods-WEGExtensionApp/Pods-WEGExtensionApp.debug.xcconfig"; sourceTree = "<group>"; };
		8167C6E259A361F9B2183151 /* libPods-WEGExtensionApp.a */ = {isa = PBXFileReference; explicitFileType = archive.ar; includeInIndex = 0; path = "libPods-WEGExtensionApp.a"; sourceTree = BUILT_PRODUCTS_DIR; };
		8288374F4CC9F6A69DC1929F /* Pods-ContentExtension.debug.xcconfig */ = {isa = PBXFileReference; includeInIndex = 1; lastKnownFileType = text.xcconfig; name = "Pods-ContentExtension.debug.xcconfig"; path = "Pods/Target Support Files/Pods-ContentExtension/Pods-ContentExtension.debug.xcconfig"; sourceTree = "<group>"; };
		B554331A99838E3647290F86 /* Pods-ServiceExtension.debug.xcconfig */ = {isa = PBXFileReference; includeInIndex = 1; lastKnownFileType = text.xcconfig; name = "Pods-ServiceExtension.debug.xcconfig"; path = "Pods/Target Support Files/Pods-ServiceExtension/Pods-ServiceExtension.debug.xcconfig"; sourceTree = "<group>"; };
		BF5C12043F19FA4C36D82355 /* Pods-WEGExtensionApp.release.xcconfig */ = {isa = PBXFileReference; includeInIndex = 1; lastKnownFileType = text.xcconfig; name = "Pods-WEGExtensionApp.release.xcconfig"; path = "Pods/Target Support Files/Pods-WEGExtensionApp/Pods-WEGExtensionApp.release.xcconfig"; sourceTree = "<group>"; };
		CF34E9CCD03C284D4C70479B /* Pods-ContentExtension.release.xcconfig */ = {isa = PBXFileReference; includeInIndex = 1; lastKnownFileType = text.xcconfig; name = "Pods-ContentExtension.release.xcconfig"; path = "Pods/Target Support Files/Pods-ContentExtension/Pods-ContentExtension.release.xcconfig"; sourceTree = "<group>"; };
		EC28A79522D8B0320071C563 /* WEXRichPushNotificationViewController.swift */ = {isa = PBXFileReference; lastKnownFileType = sourcecode.swift; path = WEXRichPushNotificationViewController.swift; sourceTree = "<group>"; };
		EC427EEE21B6987C001EC77F /* WEGExtensionApp.app */ = {isa = PBXFileReference; explicitFileType = wrapper.application; includeInIndex = 0; path = WEGExtensionApp.app; sourceTree = BUILT_PRODUCTS_DIR; };
		EC427EF121B6987C001EC77F /* AppDelegate.swift */ = {isa = PBXFileReference; lastKnownFileType = sourcecode.swift; path = AppDelegate.swift; sourceTree = "<group>"; };
		EC427EF321B6987C001EC77F /* ViewController.swift */ = {isa = PBXFileReference; lastKnownFileType = sourcecode.swift; path = ViewController.swift; sourceTree = "<group>"; };
		EC427EF621B6987C001EC77F /* Base */ = {isa = PBXFileReference; lastKnownFileType = file.storyboard; name = Base; path = Base.lproj/Main.storyboard; sourceTree = "<group>"; };
		EC427EF821B6987D001EC77F /* Assets.xcassets */ = {isa = PBXFileReference; lastKnownFileType = folder.assetcatalog; path = Assets.xcassets; sourceTree = "<group>"; };
		EC427EFB21B6987D001EC77F /* Base */ = {isa = PBXFileReference; lastKnownFileType = file.storyboard; name = Base; path = Base.lproj/LaunchScreen.storyboard; sourceTree = "<group>"; };
		EC427EFD21B6987D001EC77F /* Info.plist */ = {isa = PBXFileReference; lastKnownFileType = text.plist.xml; path = Info.plist; sourceTree = "<group>"; };
		EC427F1921B698BA001EC77F /* UserNotifications.framework */ = {isa = PBXFileReference; lastKnownFileType = wrapper.framework; name = UserNotifications.framework; path = System/Library/Frameworks/UserNotifications.framework; sourceTree = SDKROOT; };
		EC427F1B21B698BA001EC77F /* UserNotificationsUI.framework */ = {isa = PBXFileReference; lastKnownFileType = wrapper.framework; name = UserNotificationsUI.framework; path = System/Library/Frameworks/UserNotificationsUI.framework; sourceTree = SDKROOT; };
		EC7FA0CB22423D0900910E1B /* ServiceExtension.appex */ = {isa = PBXFileReference; explicitFileType = "wrapper.app-extension"; includeInIndex = 0; path = ServiceExtension.appex; sourceTree = BUILT_PRODUCTS_DIR; };
		EC7FA0CF22423D0900910E1B /* Info.plist */ = {isa = PBXFileReference; lastKnownFileType = text.plist.xml; path = Info.plist; sourceTree = "<group>"; };
		EC7FA0DA22423D1B00910E1B /* ContentExtension.appex */ = {isa = PBXFileReference; explicitFileType = "wrapper.app-extension"; includeInIndex = 0; path = ContentExtension.appex; sourceTree = BUILT_PRODUCTS_DIR; };
		EC7FA0DE22423D1B00910E1B /* NotificationViewController.swift */ = {isa = PBXFileReference; lastKnownFileType = sourcecode.swift; path = NotificationViewController.swift; sourceTree = "<group>"; };
		EC7FA0E122423D1B00910E1B /* Base */ = {isa = PBXFileReference; lastKnownFileType = file.storyboard; name = Base; path = Base.lproj/MainInterface.storyboard; sourceTree = "<group>"; };
		EC7FA0E322423D1B00910E1B /* Info.plist */ = {isa = PBXFileReference; lastKnownFileType = text.plist.xml; path = Info.plist; sourceTree = "<group>"; };
		EC7FA0EA22423D6000910E1B /* ServiceExtension-Bridging-Header.h */ = {isa = PBXFileReference; lastKnownFileType = sourcecode.c.h; path = "ServiceExtension-Bridging-Header.h"; sourceTree = "<group>"; };
		EC7FA0EB22423D6100910E1B /* NotificationService.swift */ = {isa = PBXFileReference; fileEncoding = 4; lastKnownFileType = sourcecode.swift; path = NotificationService.swift; sourceTree = "<group>"; };
		EC7FA0ED22423D7A00910E1B /* ContentExtension-Bridging-Header.h */ = {isa = PBXFileReference; lastKnownFileType = sourcecode.c.h; path = "ContentExtension-Bridging-Header.h"; sourceTree = "<group>"; };
		ECD8C54322D37C84000550C8 /* WEXPushNotificationService.swift */ = {isa = PBXFileReference; fileEncoding = 4; lastKnownFileType = sourcecode.swift; path = WEXPushNotificationService.swift; sourceTree = "<group>"; };
		ECD8C54522D37C84000550C8 /* WEXRichPushNotificationViewController+Private.h */ = {isa = PBXFileReference; fileEncoding = 4; lastKnownFileType = sourcecode.c.h; path = "WEXRichPushNotificationViewController+Private.h"; sourceTree = "<group>"; };
		ECD8C54622D37C84000550C8 /* WEXRichPushLayout.h */ = {isa = PBXFileReference; fileEncoding = 4; lastKnownFileType = sourcecode.c.h; path = WEXRichPushLayout.h; sourceTree = "<group>"; };
		ECD8C54722D37C84000550C8 /* WEXRichPushNotificationViewController.m */ = {isa = PBXFileReference; fileEncoding = 4; lastKnownFileType = sourcecode.c.objc; path = WEXRichPushNotificationViewController.m; sourceTree = "<group>"; };
		ECD8C54822D37C84000550C8 /* WEXCarouselPushNotificationViewController.m */ = {isa = PBXFileReference; fileEncoding = 4; lastKnownFileType = sourcecode.c.objc; path = WEXCarouselPushNotificationViewController.m; sourceTree = "<group>"; };
		ECD8C54922D37C84000550C8 /* WEXRatingPushNotificationViewController.m */ = {isa = PBXFileReference; fileEncoding = 4; lastKnownFileType = sourcecode.c.objc; path = WEXRatingPushNotificationViewController.m; sourceTree = "<group>"; };
		ECD8C54A22D37C84000550C8 /* WEXRichPushNotificationViewController.h */ = {isa = PBXFileReference; fileEncoding = 4; lastKnownFileType = sourcecode.c.h; path = WEXRichPushNotificationViewController.h; sourceTree = "<group>"; };
		ECD8C54B22D37C84000550C8 /* WEXRichPushLayout.m */ = {isa = PBXFileReference; fileEncoding = 4; lastKnownFileType = sourcecode.c.objc; path = WEXRichPushLayout.m; sourceTree = "<group>"; };
		ECD8C54C22D37C84000550C8 /* WEXCarouselPushNotificationViewController.h */ = {isa = PBXFileReference; fileEncoding = 4; lastKnownFileType = sourcecode.c.h; path = WEXCarouselPushNotificationViewController.h; sourceTree = "<group>"; };
		ECD8C54D22D37C84000550C8 /* WEXRatingPushNotificationViewController.h */ = {isa = PBXFileReference; fileEncoding = 4; lastKnownFileType = sourcecode.c.h; path = WEXRatingPushNotificationViewController.h; sourceTree = "<group>"; };
		ECD8C55022D37C84000550C8 /* WEXUser.h */ = {isa = PBXFileReference; fileEncoding = 4; lastKnownFileType = sourcecode.c.h; path = WEXUser.h; sourceTree = "<group>"; };
		ECD8C55122D37C84000550C8 /* WEXAnalytics.h */ = {isa = PBXFileReference; fileEncoding = 4; lastKnownFileType = sourcecode.c.h; path = WEXAnalytics.h; sourceTree = "<group>"; };
		ECD8C55222D37C84000550C8 /* WEXCoreUtils.h */ = {isa = PBXFileReference; fileEncoding = 4; lastKnownFileType = sourcecode.c.h; path = WEXCoreUtils.h; sourceTree = "<group>"; };
		ECD8C55322D37C84000550C8 /* WEXAnalytics.m */ = {isa = PBXFileReference; fileEncoding = 4; lastKnownFileType = sourcecode.c.objc; path = WEXAnalytics.m; sourceTree = "<group>"; };
		ECD8C55422D37C84000550C8 /* WEXUser.m */ = {isa = PBXFileReference; fileEncoding = 4; lastKnownFileType = sourcecode.c.objc; path = WEXUser.m; sourceTree = "<group>"; };
		ECD8C55522D37C84000550C8 /* WEXCoreUtils.m */ = {isa = PBXFileReference; fileEncoding = 4; lastKnownFileType = sourcecode.c.objc; path = WEXCoreUtils.m; sourceTree = "<group>"; };
		ECD8C55722D37C84000550C8 /* .gitkeep */ = {isa = PBXFileReference; fileEncoding = 4; lastKnownFileType = text; path = .gitkeep; sourceTree = "<group>"; };
		F0475B5723990666CF117C65 /* Pods-ServiceExtension.release.xcconfig */ = {isa = PBXFileReference; includeInIndex = 1; lastKnownFileType = text.xcconfig; name = "Pods-ServiceExtension.release.xcconfig"; path = "Pods/Target Support Files/Pods-ServiceExtension/Pods-ServiceExtension.release.xcconfig"; sourceTree = "<group>"; };
/* End PBXFileReference section */

/* Begin PBXFrameworksBuildPhase section */
		EC427EEB21B6987C001EC77F /* Frameworks */ = {
			isa = PBXFrameworksBuildPhase;
			buildActionMask = 2147483647;
			files = (
				020CF31F1616AA196EBC6EB9 /* libPods-WEGExtensionApp.a in Frameworks */,
			);
			runOnlyForDeploymentPostprocessing = 0;
		};
		EC7FA0C822423D0900910E1B /* Frameworks */ = {
			isa = PBXFrameworksBuildPhase;
			buildActionMask = 2147483647;
			files = (
				13BC25B02A53AE6781BB7989 /* libPods-ServiceExtension.a in Frameworks */,
			);
			runOnlyForDeploymentPostprocessing = 0;
		};
		EC7FA0D722423D1B00910E1B /* Frameworks */ = {
			isa = PBXFrameworksBuildPhase;
			buildActionMask = 2147483647;
			files = (
				EC7FA0DC22423D1B00910E1B /* UserNotificationsUI.framework in Frameworks */,
				EC7FA0DB22423D1B00910E1B /* UserNotifications.framework in Frameworks */,
				E4B8DBC3C26E4089EA6553EE /* libPods-ContentExtension.a in Frameworks */,
			);
			runOnlyForDeploymentPostprocessing = 0;
		};
/* End PBXFrameworksBuildPhase section */

/* Begin PBXGroup section */
		80CC95AF2BC732EC1E166EAF /* Pods */ = {
			isa = PBXGroup;
			children = (
				8288374F4CC9F6A69DC1929F /* Pods-ContentExtension.debug.xcconfig */,
				CF34E9CCD03C284D4C70479B /* Pods-ContentExtension.release.xcconfig */,
				B554331A99838E3647290F86 /* Pods-ServiceExtension.debug.xcconfig */,
				F0475B5723990666CF117C65 /* Pods-ServiceExtension.release.xcconfig */,
				56A49FB8EB9E003121E4C723 /* Pods-WEGExtensionApp.debug.xcconfig */,
				BF5C12043F19FA4C36D82355 /* Pods-WEGExtensionApp.release.xcconfig */,
			);
			name = Pods;
			sourceTree = "<group>";
		};
		EC427EE521B6987C001EC77F = {
			isa = PBXGroup;
			children = (
				ECD8C54022D37C84000550C8 /* WebEngageAppEx */,
				EC427EF021B6987C001EC77F /* WEGExtensionApp */,
				EC7FA0CC22423D0900910E1B /* ServiceExtension */,
				EC7FA0DD22423D1B00910E1B /* ContentExtension */,
				EC427F1821B698BA001EC77F /* Frameworks */,
				EC427EEF21B6987C001EC77F /* Products */,
				80CC95AF2BC732EC1E166EAF /* Pods */,
			);
			sourceTree = "<group>";
		};
		EC427EEF21B6987C001EC77F /* Products */ = {
			isa = PBXGroup;
			children = (
				EC427EEE21B6987C001EC77F /* WEGExtensionApp.app */,
				EC7FA0CB22423D0900910E1B /* ServiceExtension.appex */,
				EC7FA0DA22423D1B00910E1B /* ContentExtension.appex */,
			);
			name = Products;
			sourceTree = "<group>";
		};
		EC427EF021B6987C001EC77F /* WEGExtensionApp */ = {
			isa = PBXGroup;
			children = (
				EC427EF121B6987C001EC77F /* AppDelegate.swift */,
				EC427EF321B6987C001EC77F /* ViewController.swift */,
				EC427EF521B6987C001EC77F /* Main.storyboard */,
				EC427EF821B6987D001EC77F /* Assets.xcassets */,
				EC427EFA21B6987D001EC77F /* LaunchScreen.storyboard */,
				EC427EFD21B6987D001EC77F /* Info.plist */,
			);
			path = WEGExtensionApp;
			sourceTree = "<group>";
		};
		EC427F1821B698BA001EC77F /* Frameworks */ = {
			isa = PBXGroup;
			children = (
				EC427F1921B698BA001EC77F /* UserNotifications.framework */,
				EC427F1B21B698BA001EC77F /* UserNotificationsUI.framework */,
				47CF75C2CE610E7FDA5DD83E /* libPods-ContentExtension.a */,
				30F6D721B5CA3D9E091692E7 /* libPods-ServiceExtension.a */,
				8167C6E259A361F9B2183151 /* libPods-WEGExtensionApp.a */,
			);
			name = Frameworks;
			sourceTree = "<group>";
		};
		EC7FA0CC22423D0900910E1B /* ServiceExtension */ = {
			isa = PBXGroup;
			children = (
				EC7FA0EB22423D6100910E1B /* NotificationService.swift */,
				EC7FA0CF22423D0900910E1B /* Info.plist */,
				EC7FA0EA22423D6000910E1B /* ServiceExtension-Bridging-Header.h */,
			);
			path = ServiceExtension;
			sourceTree = "<group>";
		};
		EC7FA0DD22423D1B00910E1B /* ContentExtension */ = {
			isa = PBXGroup;
			children = (
				EC7FA0DE22423D1B00910E1B /* NotificationViewController.swift */,
				EC7FA0E022423D1B00910E1B /* MainInterface.storyboard */,
				EC7FA0E322423D1B00910E1B /* Info.plist */,
				EC7FA0ED22423D7A00910E1B /* ContentExtension-Bridging-Header.h */,
			);
			path = ContentExtension;
			sourceTree = "<group>";
		};
		ECD8C54022D37C84000550C8 /* WebEngageAppEx */ = {
			isa = PBXGroup;
			children = (
				ECD8C55622D37C84000550C8 /* Assets */,
				ECD8C54122D37C84000550C8 /* Classes */,
			);
			name = WebEngageAppEx;
			path = ../WebEngageAppEx;
			sourceTree = "<group>";
		};
		ECD8C54122D37C84000550C8 /* Classes */ = {
			isa = PBXGroup;
			children = (
				ECD8C54422D37C84000550C8 /* ContentExtension */,
				ECD8C54F22D37C84000550C8 /* CoreApi */,
				ECD8C54222D37C84000550C8 /* NotificationService */,
			);
			path = Classes;
			sourceTree = "<group>";
		};
		ECD8C54222D37C84000550C8 /* NotificationService */ = {
			isa = PBXGroup;
			children = (
				ECD8C54322D37C84000550C8 /* WEXPushNotificationService.swift */,
			);
			path = NotificationService;
			sourceTree = "<group>";
		};
		ECD8C54422D37C84000550C8 /* ContentExtension */ = {
			isa = PBXGroup;
			children = (
				ECD8C54C22D37C84000550C8 /* WEXCarouselPushNotificationViewController.h */,
				ECD8C54822D37C84000550C8 /* WEXCarouselPushNotificationViewController.m */,
				ECD8C54D22D37C84000550C8 /* WEXRatingPushNotificationViewController.h */,
				ECD8C54922D37C84000550C8 /* WEXRatingPushNotificationViewController.m */,
				ECD8C54622D37C84000550C8 /* WEXRichPushLayout.h */,
				ECD8C54B22D37C84000550C8 /* WEXRichPushLayout.m */,
				ECD8C54A22D37C84000550C8 /* WEXRichPushNotificationViewController.h */,
				ECD8C54722D37C84000550C8 /* WEXRichPushNotificationViewController.m */,
				ECD8C54522D37C84000550C8 /* WEXRichPushNotificationViewController+Private.h */,
				EC28A79522D8B0320071C563 /* WEXRichPushNotificationViewController.swift */,
			);
			path = ContentExtension;
			sourceTree = "<group>";
		};
		ECD8C54F22D37C84000550C8 /* CoreApi */ = {
			isa = PBXGroup;
			children = (
				ECD8C55122D37C84000550C8 /* WEXAnalytics.h */,
				ECD8C55322D37C84000550C8 /* WEXAnalytics.m */,
				ECD8C55222D37C84000550C8 /* WEXCoreUtils.h */,
				ECD8C55522D37C84000550C8 /* WEXCoreUtils.m */,
				ECD8C55022D37C84000550C8 /* WEXUser.h */,
				ECD8C55422D37C84000550C8 /* WEXUser.m */,
			);
			path = CoreApi;
			sourceTree = "<group>";
		};
		ECD8C55622D37C84000550C8 /* Assets */ = {
			isa = PBXGroup;
			children = (
				ECD8C55722D37C84000550C8 /* .gitkeep */,
			);
			path = Assets;
			sourceTree = "<group>";
		};
/* End PBXGroup section */

/* Begin PBXNativeTarget section */
		EC427EED21B6987C001EC77F /* WEGExtensionApp */ = {
			isa = PBXNativeTarget;
			buildConfigurationList = EC427F0021B6987D001EC77F /* Build configuration list for PBXNativeTarget "WEGExtensionApp" */;
			buildPhases = (
				F16A2A59397B8F4AD3A22D55 /* [CP] Check Pods Manifest.lock */,
				EC427EEA21B6987C001EC77F /* Sources */,
				EC427EEB21B6987C001EC77F /* Frameworks */,
				EC427EEC21B6987C001EC77F /* Resources */,
				EC427F1221B698A3001EC77F /* Embed App Extensions */,
				EA037E9B183C6C1C7C392F5B /* [CP] Embed Pods Frameworks */,
				ECD8C53F22D36B6B000550C8 /* ShellScript */,
			);
			buildRules = (
			);
			dependencies = (
				EC7FA0D122423D0900910E1B /* PBXTargetDependency */,
				EC7FA0E522423D1B00910E1B /* PBXTargetDependency */,
			);
			name = WEGExtensionApp;
			productName = WEGExtensionApp;
			productReference = EC427EEE21B6987C001EC77F /* WEGExtensionApp.app */;
			productType = "com.apple.product-type.application";
		};
		EC7FA0CA22423D0900910E1B /* ServiceExtension */ = {
			isa = PBXNativeTarget;
			buildConfigurationList = EC7FA0D522423D0900910E1B /* Build configuration list for PBXNativeTarget "ServiceExtension" */;
			buildPhases = (
				589A9F677A3D56700AF9D827 /* [CP] Check Pods Manifest.lock */,
				EC7FA0C722423D0900910E1B /* Sources */,
				EC7FA0C822423D0900910E1B /* Frameworks */,
				EC7FA0C922423D0900910E1B /* Resources */,
			);
			buildRules = (
			);
			dependencies = (
			);
			name = ServiceExtension;
			productName = ServiceExtension;
			productReference = EC7FA0CB22423D0900910E1B /* ServiceExtension.appex */;
			productType = "com.apple.product-type.app-extension";
		};
		EC7FA0D922423D1B00910E1B /* ContentExtension */ = {
			isa = PBXNativeTarget;
			buildConfigurationList = EC7FA0E722423D1B00910E1B /* Build configuration list for PBXNativeTarget "ContentExtension" */;
			buildPhases = (
				FEC78495698979627DC92600 /* [CP] Check Pods Manifest.lock */,
				EC7FA0D622423D1B00910E1B /* Sources */,
				EC7FA0D722423D1B00910E1B /* Frameworks */,
				EC7FA0D822423D1B00910E1B /* Resources */,
			);
			buildRules = (
			);
			dependencies = (
			);
			name = ContentExtension;
			productName = ContentExtension;
			productReference = EC7FA0DA22423D1B00910E1B /* ContentExtension.appex */;
			productType = "com.apple.product-type.app-extension";
		};
/* End PBXNativeTarget section */

/* Begin PBXProject section */
		EC427EE621B6987C001EC77F /* Project object */ = {
			isa = PBXProject;
			attributes = {
				LastSwiftUpdateCheck = 1010;
				LastUpgradeCheck = 1010;
				ORGANIZATIONNAME = "Yogesh Singh";
				TargetAttributes = {
					EC427EED21B6987C001EC77F = {
						CreatedOnToolsVersion = 10.1;
						LastSwiftMigration = 1020;
					};
					EC7FA0CA22423D0900910E1B = {
						CreatedOnToolsVersion = 10.1;
						LastSwiftMigration = 1020;
					};
					EC7FA0D922423D1B00910E1B = {
						CreatedOnToolsVersion = 10.1;
						LastSwiftMigration = 1020;
					};
				};
			};
			buildConfigurationList = EC427EE921B6987C001EC77F /* Build configuration list for PBXProject "WEGExtensionApp" */;
			compatibilityVersion = "Xcode 9.3";
			developmentRegion = en;
			hasScannedForEncodings = 0;
			knownRegions = (
				en,
				Base,
			);
			mainGroup = EC427EE521B6987C001EC77F;
			productRefGroup = EC427EEF21B6987C001EC77F /* Products */;
			projectDirPath = "";
			projectRoot = "";
			targets = (
				EC427EED21B6987C001EC77F /* WEGExtensionApp */,
				EC7FA0CA22423D0900910E1B /* ServiceExtension */,
				EC7FA0D922423D1B00910E1B /* ContentExtension */,
			);
		};
/* End PBXProject section */

/* Begin PBXResourcesBuildPhase section */
		EC427EEC21B6987C001EC77F /* Resources */ = {
			isa = PBXResourcesBuildPhase;
			buildActionMask = 2147483647;
			files = (
				EC427EFC21B6987D001EC77F /* LaunchScreen.storyboard in Resources */,
				EC427EF921B6987D001EC77F /* Assets.xcassets in Resources */,
				ECD8C56122D37C84000550C8 /* .gitkeep in Resources */,
				EC427EF721B6987C001EC77F /* Main.storyboard in Resources */,
			);
			runOnlyForDeploymentPostprocessing = 0;
		};
		EC7FA0C922423D0900910E1B /* Resources */ = {
			isa = PBXResourcesBuildPhase;
			buildActionMask = 2147483647;
			files = (
			);
			runOnlyForDeploymentPostprocessing = 0;
		};
		EC7FA0D822423D1B00910E1B /* Resources */ = {
			isa = PBXResourcesBuildPhase;
			buildActionMask = 2147483647;
			files = (
				EC7FA0E222423D1B00910E1B /* MainInterface.storyboard in Resources */,
			);
			runOnlyForDeploymentPostprocessing = 0;
		};
/* End PBXResourcesBuildPhase section */

/* Begin PBXShellScriptBuildPhase section */
		589A9F677A3D56700AF9D827 /* [CP] Check Pods Manifest.lock */ = {
			isa = PBXShellScriptBuildPhase;
			buildActionMask = 2147483647;
			files = (
			);
			inputFileListPaths = (
			);
			inputPaths = (
				"${PODS_PODFILE_DIR_PATH}/Podfile.lock",
				"${PODS_ROOT}/Manifest.lock",
			);
			name = "[CP] Check Pods Manifest.lock";
			outputFileListPaths = (
			);
			outputPaths = (
				"$(DERIVED_FILE_DIR)/Pods-ServiceExtension-checkManifestLockResult.txt",
			);
			runOnlyForDeploymentPostprocessing = 0;
			shellPath = /bin/sh;
			shellScript = "diff \"${PODS_PODFILE_DIR_PATH}/Podfile.lock\" \"${PODS_ROOT}/Manifest.lock\" > /dev/null\nif [ $? != 0 ] ; then\n    # print error to STDERR\n    echo \"error: The sandbox is not in sync with the Podfile.lock. Run 'pod install' or update your CocoaPods installation.\" >&2\n    exit 1\nfi\n# This output is used by Xcode 'outputs' to avoid re-running this script phase.\necho \"SUCCESS\" > \"${SCRIPT_OUTPUT_FILE_0}\"\n";
			showEnvVarsInLog = 0;
		};
		EA037E9B183C6C1C7C392F5B /* [CP] Embed Pods Frameworks */ = {
			isa = PBXShellScriptBuildPhase;
			buildActionMask = 2147483647;
			files = (
			);
			inputFileListPaths = (
				"${PODS_ROOT}/Target Support Files/Pods-WEGExtensionApp/Pods-WEGExtensionApp-frameworks-${CONFIGURATION}-input-files.xcfilelist",
			);
			name = "[CP] Embed Pods Frameworks";
			outputFileListPaths = (
				"${PODS_ROOT}/Target Support Files/Pods-WEGExtensionApp/Pods-WEGExtensionApp-frameworks-${CONFIGURATION}-output-files.xcfilelist",
			);
			runOnlyForDeploymentPostprocessing = 0;
			shellPath = /bin/sh;
			shellScript = "\"${PODS_ROOT}/Target Support Files/Pods-WEGExtensionApp/Pods-WEGExtensionApp-frameworks.sh\"\n";
			showEnvVarsInLog = 0;
		};
		ECD8C53F22D36B6B000550C8 /* ShellScript */ = {
			isa = PBXShellScriptBuildPhase;
			buildActionMask = 2147483647;
			files = (
			);
			inputFileListPaths = (
			);
			inputPaths = (
			);
			outputFileListPaths = (
			);
			outputPaths = (
			);
			runOnlyForDeploymentPostprocessing = 0;
			shellPath = /bin/sh;
			shellScript = "# Type a script or drag a script file from your workspace to insert its path.\n\nif which swiftlint >/dev/null; then\nswiftlint\nelse\necho \"warning: SwiftLint not installed, download from https://github.com/realm/SwiftLint\"\nfi\n";
		};
		F16A2A59397B8F4AD3A22D55 /* [CP] Check Pods Manifest.lock */ = {
			isa = PBXShellScriptBuildPhase;
			buildActionMask = 2147483647;
			files = (
			);
			inputFileListPaths = (
			);
			inputPaths = (
				"${PODS_PODFILE_DIR_PATH}/Podfile.lock",
				"${PODS_ROOT}/Manifest.lock",
			);
			name = "[CP] Check Pods Manifest.lock";
			outputFileListPaths = (
			);
			outputPaths = (
				"$(DERIVED_FILE_DIR)/Pods-WEGExtensionApp-checkManifestLockResult.txt",
			);
			runOnlyForDeploymentPostprocessing = 0;
			shellPath = /bin/sh;
			shellScript = "diff \"${PODS_PODFILE_DIR_PATH}/Podfile.lock\" \"${PODS_ROOT}/Manifest.lock\" > /dev/null\nif [ $? != 0 ] ; then\n    # print error to STDERR\n    echo \"error: The sandbox is not in sync with the Podfile.lock. Run 'pod install' or update your CocoaPods installation.\" >&2\n    exit 1\nfi\n# This output is used by Xcode 'outputs' to avoid re-running this script phase.\necho \"SUCCESS\" > \"${SCRIPT_OUTPUT_FILE_0}\"\n";
			showEnvVarsInLog = 0;
		};
		FEC78495698979627DC92600 /* [CP] Check Pods Manifest.lock */ = {
			isa = PBXShellScriptBuildPhase;
			buildActionMask = 2147483647;
			files = (
			);
			inputFileListPaths = (
			);
			inputPaths = (
				"${PODS_PODFILE_DIR_PATH}/Podfile.lock",
				"${PODS_ROOT}/Manifest.lock",
			);
			name = "[CP] Check Pods Manifest.lock";
			outputFileListPaths = (
			);
			outputPaths = (
				"$(DERIVED_FILE_DIR)/Pods-ContentExtension-checkManifestLockResult.txt",
			);
			runOnlyForDeploymentPostprocessing = 0;
			shellPath = /bin/sh;
			shellScript = "diff \"${PODS_PODFILE_DIR_PATH}/Podfile.lock\" \"${PODS_ROOT}/Manifest.lock\" > /dev/null\nif [ $? != 0 ] ; then\n    # print error to STDERR\n    echo \"error: The sandbox is not in sync with the Podfile.lock. Run 'pod install' or update your CocoaPods installation.\" >&2\n    exit 1\nfi\n# This output is used by Xcode 'outputs' to avoid re-running this script phase.\necho \"SUCCESS\" > \"${SCRIPT_OUTPUT_FILE_0}\"\n";
			showEnvVarsInLog = 0;
		};
/* End PBXShellScriptBuildPhase section */

/* Begin PBXSourcesBuildPhase section */
		EC427EEA21B6987C001EC77F /* Sources */ = {
			isa = PBXSourcesBuildPhase;
			buildActionMask = 2147483647;
			files = (
				ECD8C55C22D37C84000550C8 /* WEXRichPushLayout.m in Sources */,
				ECD8C55822D37C84000550C8 /* WEXPushNotificationService.swift in Sources */,
				EC427EF421B6987C001EC77F /* ViewController.swift in Sources */,
				ECD8C55922D37C84000550C8 /* WEXRichPushNotificationViewController.m in Sources */,
				EC28A79622D8B0320071C563 /* WEXRichPushNotificationViewController.swift in Sources */,
				ECD8C55B22D37C84000550C8 /* WEXRatingPushNotificationViewController.m in Sources */,
				ECD8C55E22D37C84000550C8 /* WEXAnalytics.m in Sources */,
				ECD8C55A22D37C84000550C8 /* WEXCarouselPushNotificationViewController.m in Sources */,
				ECD8C55F22D37C84000550C8 /* WEXUser.m in Sources */,
				EC427EF221B6987C001EC77F /* AppDelegate.swift in Sources */,
				ECD8C56022D37C84000550C8 /* WEXCoreUtils.m in Sources */,
			);
			runOnlyForDeploymentPostprocessing = 0;
		};
		EC7FA0C722423D0900910E1B /* Sources */ = {
			isa = PBXSourcesBuildPhase;
			buildActionMask = 2147483647;
			files = (
				EC7FA0EC22423D6100910E1B /* NotificationService.swift in Sources */,
			);
			runOnlyForDeploymentPostprocessing = 0;
		};
		EC7FA0D622423D1B00910E1B /* Sources */ = {
			isa = PBXSourcesBuildPhase;
			buildActionMask = 2147483647;
			files = (
				EC7FA0DF22423D1B00910E1B /* NotificationViewController.swift in Sources */,
			);
			runOnlyForDeploymentPostprocessing = 0;
		};
/* End PBXSourcesBuildPhase section */

/* Begin PBXTargetDependency section */
		EC7FA0D122423D0900910E1B /* PBXTargetDependency */ = {
			isa = PBXTargetDependency;
			target = EC7FA0CA22423D0900910E1B /* ServiceExtension */;
			targetProxy = EC7FA0D022423D0900910E1B /* PBXContainerItemProxy */;
		};
		EC7FA0E522423D1B00910E1B /* PBXTargetDependency */ = {
			isa = PBXTargetDependency;
			target = EC7FA0D922423D1B00910E1B /* ContentExtension */;
			targetProxy = EC7FA0E422423D1B00910E1B /* PBXContainerItemProxy */;
		};
/* End PBXTargetDependency section */

/* Begin PBXVariantGroup section */
		EC427EF521B6987C001EC77F /* Main.storyboard */ = {
			isa = PBXVariantGroup;
			children = (
				EC427EF621B6987C001EC77F /* Base */,
			);
			name = Main.storyboard;
			sourceTree = "<group>";
		};
		EC427EFA21B6987D001EC77F /* LaunchScreen.storyboard */ = {
			isa = PBXVariantGroup;
			children = (
				EC427EFB21B6987D001EC77F /* Base */,
			);
			name = LaunchScreen.storyboard;
			sourceTree = "<group>";
		};
		EC7FA0E022423D1B00910E1B /* MainInterface.storyboard */ = {
			isa = PBXVariantGroup;
			children = (
				EC7FA0E122423D1B00910E1B /* Base */,
			);
			name = MainInterface.storyboard;
			sourceTree = "<group>";
		};
/* End PBXVariantGroup section */

/* Begin XCBuildConfiguration section */
		EC427EFE21B6987D001EC77F /* Debug */ = {
			isa = XCBuildConfiguration;
			buildSettings = {
				ALWAYS_SEARCH_USER_PATHS = NO;
				CLANG_ANALYZER_NONNULL = YES;
				CLANG_ANALYZER_NUMBER_OBJECT_CONVERSION = YES_AGGRESSIVE;
				CLANG_CXX_LANGUAGE_STANDARD = "gnu++14";
				CLANG_CXX_LIBRARY = "libc++";
				CLANG_ENABLE_MODULES = YES;
				CLANG_ENABLE_OBJC_ARC = YES;
				CLANG_ENABLE_OBJC_WEAK = YES;
				CLANG_WARN_BLOCK_CAPTURE_AUTORELEASING = YES;
				CLANG_WARN_BOOL_CONVERSION = YES;
				CLANG_WARN_COMMA = YES;
				CLANG_WARN_CONSTANT_CONVERSION = YES;
				CLANG_WARN_DEPRECATED_OBJC_IMPLEMENTATIONS = YES;
				CLANG_WARN_DIRECT_OBJC_ISA_USAGE = YES_ERROR;
				CLANG_WARN_DOCUMENTATION_COMMENTS = YES;
				CLANG_WARN_EMPTY_BODY = YES;
				CLANG_WARN_ENUM_CONVERSION = YES;
				CLANG_WARN_INFINITE_RECURSION = YES;
				CLANG_WARN_INT_CONVERSION = YES;
				CLANG_WARN_NON_LITERAL_NULL_CONVERSION = YES;
				CLANG_WARN_OBJC_IMPLICIT_RETAIN_SELF = YES;
				CLANG_WARN_OBJC_LITERAL_CONVERSION = YES;
				CLANG_WARN_OBJC_ROOT_CLASS = YES_ERROR;
				CLANG_WARN_RANGE_LOOP_ANALYSIS = YES;
				CLANG_WARN_STRICT_PROTOTYPES = YES;
				CLANG_WARN_SUSPICIOUS_MOVE = YES;
				CLANG_WARN_UNGUARDED_AVAILABILITY = YES_AGGRESSIVE;
				CLANG_WARN_UNREACHABLE_CODE = YES;
				CLANG_WARN__DUPLICATE_METHOD_MATCH = YES;
				CODE_SIGN_IDENTITY = "iPhone Developer";
				COPY_PHASE_STRIP = NO;
				DEBUG_INFORMATION_FORMAT = dwarf;
				ENABLE_STRICT_OBJC_MSGSEND = YES;
				ENABLE_TESTABILITY = YES;
				GCC_C_LANGUAGE_STANDARD = gnu11;
				GCC_DYNAMIC_NO_PIC = NO;
				GCC_NO_COMMON_BLOCKS = YES;
				GCC_OPTIMIZATION_LEVEL = 0;
				GCC_PREPROCESSOR_DEFINITIONS = (
					"DEBUG=1",
					"$(inherited)",
				);
				GCC_WARN_64_TO_32_BIT_CONVERSION = YES;
				GCC_WARN_ABOUT_RETURN_TYPE = YES_ERROR;
				GCC_WARN_UNDECLARED_SELECTOR = YES;
				GCC_WARN_UNINITIALIZED_AUTOS = YES_AGGRESSIVE;
				GCC_WARN_UNUSED_FUNCTION = YES;
				GCC_WARN_UNUSED_VARIABLE = YES;
				IPHONEOS_DEPLOYMENT_TARGET = 12.1;
				MTL_ENABLE_DEBUG_INFO = INCLUDE_SOURCE;
				MTL_FAST_MATH = YES;
				ONLY_ACTIVE_ARCH = YES;
				SDKROOT = iphoneos;
				SWIFT_ACTIVE_COMPILATION_CONDITIONS = DEBUG;
				SWIFT_OPTIMIZATION_LEVEL = "-Onone";
			};
			name = Debug;
		};
		EC427EFF21B6987D001EC77F /* Release */ = {
			isa = XCBuildConfiguration;
			buildSettings = {
				ALWAYS_SEARCH_USER_PATHS = NO;
				CLANG_ANALYZER_NONNULL = YES;
				CLANG_ANALYZER_NUMBER_OBJECT_CONVERSION = YES_AGGRESSIVE;
				CLANG_CXX_LANGUAGE_STANDARD = "gnu++14";
				CLANG_CXX_LIBRARY = "libc++";
				CLANG_ENABLE_MODULES = YES;
				CLANG_ENABLE_OBJC_ARC = YES;
				CLANG_ENABLE_OBJC_WEAK = YES;
				CLANG_WARN_BLOCK_CAPTURE_AUTORELEASING = YES;
				CLANG_WARN_BOOL_CONVERSION = YES;
				CLANG_WARN_COMMA = YES;
				CLANG_WARN_CONSTANT_CONVERSION = YES;
				CLANG_WARN_DEPRECATED_OBJC_IMPLEMENTATIONS = YES;
				CLANG_WARN_DIRECT_OBJC_ISA_USAGE = YES_ERROR;
				CLANG_WARN_DOCUMENTATION_COMMENTS = YES;
				CLANG_WARN_EMPTY_BODY = YES;
				CLANG_WARN_ENUM_CONVERSION = YES;
				CLANG_WARN_INFINITE_RECURSION = YES;
				CLANG_WARN_INT_CONVERSION = YES;
				CLANG_WARN_NON_LITERAL_NULL_CONVERSION = YES;
				CLANG_WARN_OBJC_IMPLICIT_RETAIN_SELF = YES;
				CLANG_WARN_OBJC_LITERAL_CONVERSION = YES;
				CLANG_WARN_OBJC_ROOT_CLASS = YES_ERROR;
				CLANG_WARN_RANGE_LOOP_ANALYSIS = YES;
				CLANG_WARN_STRICT_PROTOTYPES = YES;
				CLANG_WARN_SUSPICIOUS_MOVE = YES;
				CLANG_WARN_UNGUARDED_AVAILABILITY = YES_AGGRESSIVE;
				CLANG_WARN_UNREACHABLE_CODE = YES;
				CLANG_WARN__DUPLICATE_METHOD_MATCH = YES;
				CODE_SIGN_IDENTITY = "iPhone Developer";
				COPY_PHASE_STRIP = NO;
				DEBUG_INFORMATION_FORMAT = "dwarf-with-dsym";
				ENABLE_NS_ASSERTIONS = NO;
				ENABLE_STRICT_OBJC_MSGSEND = YES;
				GCC_C_LANGUAGE_STANDARD = gnu11;
				GCC_NO_COMMON_BLOCKS = YES;
				GCC_WARN_64_TO_32_BIT_CONVERSION = YES;
				GCC_WARN_ABOUT_RETURN_TYPE = YES_ERROR;
				GCC_WARN_UNDECLARED_SELECTOR = YES;
				GCC_WARN_UNINITIALIZED_AUTOS = YES_AGGRESSIVE;
				GCC_WARN_UNUSED_FUNCTION = YES;
				GCC_WARN_UNUSED_VARIABLE = YES;
				IPHONEOS_DEPLOYMENT_TARGET = 12.1;
				MTL_ENABLE_DEBUG_INFO = NO;
				MTL_FAST_MATH = YES;
				SDKROOT = iphoneos;
				SWIFT_COMPILATION_MODE = wholemodule;
				SWIFT_OPTIMIZATION_LEVEL = "-O";
				VALIDATE_PRODUCT = YES;
			};
			name = Release;
		};
		EC427F0121B6987D001EC77F /* Debug */ = {
			isa = XCBuildConfiguration;
			baseConfigurationReference = 56A49FB8EB9E003121E4C723 /* Pods-WEGExtensionApp.debug.xcconfig */;
			buildSettings = {
				ALWAYS_EMBED_SWIFT_STANDARD_LIBRARIES = YES;
				ASSETCATALOG_COMPILER_APPICON_NAME = AppIcon;
				CODE_SIGN_STYLE = Automatic;
				DEVELOPMENT_TEAM = E59R2H2BZQ;
				INFOPLIST_FILE = WEGExtensionApp/Info.plist;
				IPHONEOS_DEPLOYMENT_TARGET = 9.0;
				LD_RUNPATH_SEARCH_PATHS = (
					"$(inherited)",
					"@executable_path/Frameworks",
				);
				PRODUCT_BUNDLE_IDENTIFIER = com.webengage.WEGExtensionApp;
				PRODUCT_NAME = "$(TARGET_NAME)";
				SWIFT_INSTALL_OBJC_HEADER = NO;
				SWIFT_VERSION = 5.0;
				TARGETED_DEVICE_FAMILY = "1,2";
			};
			name = Debug;
		};
		EC427F0221B6987D001EC77F /* Release */ = {
			isa = XCBuildConfiguration;
			baseConfigurationReference = BF5C12043F19FA4C36D82355 /* Pods-WEGExtensionApp.release.xcconfig */;
			buildSettings = {
				ALWAYS_EMBED_SWIFT_STANDARD_LIBRARIES = YES;
				ASSETCATALOG_COMPILER_APPICON_NAME = AppIcon;
				CODE_SIGN_STYLE = Automatic;
				DEVELOPMENT_TEAM = E59R2H2BZQ;
				INFOPLIST_FILE = WEGExtensionApp/Info.plist;
				IPHONEOS_DEPLOYMENT_TARGET = 9.0;
				LD_RUNPATH_SEARCH_PATHS = (
					"$(inherited)",
					"@executable_path/Frameworks",
				);
				PRODUCT_BUNDLE_IDENTIFIER = com.webengage.WEGExtensionApp;
				PRODUCT_NAME = "$(TARGET_NAME)";
				SWIFT_INSTALL_OBJC_HEADER = NO;
				SWIFT_VERSION = 5.0;
				TARGETED_DEVICE_FAMILY = "1,2";
			};
			name = Release;
		};
		EC7FA0D322423D0900910E1B /* Debug */ = {
			isa = XCBuildConfiguration;
			baseConfigurationReference = B554331A99838E3647290F86 /* Pods-ServiceExtension.debug.xcconfig */;
			buildSettings = {
				CLANG_ENABLE_MODULES = YES;
				CODE_SIGN_STYLE = Automatic;
				DEVELOPMENT_TEAM = E59R2H2BZQ;
				INFOPLIST_FILE = ServiceExtension/Info.plist;
				LD_RUNPATH_SEARCH_PATHS = (
					"$(inherited)",
					"@executable_path/Frameworks",
					"@executable_path/../../Frameworks",
				);
				PRODUCT_BUNDLE_IDENTIFIER = com.webengage.WEGExtensionApp.ServiceExtension;
				PRODUCT_NAME = "$(TARGET_NAME)";
				SKIP_INSTALL = YES;
				SWIFT_OBJC_BRIDGING_HEADER = "ServiceExtension/ServiceExtension-Bridging-Header.h";
				SWIFT_OPTIMIZATION_LEVEL = "-Onone";
				SWIFT_VERSION = 5.0;
				TARGETED_DEVICE_FAMILY = "1,2";
			};
			name = Debug;
		};
		EC7FA0D422423D0900910E1B /* Release */ = {
			isa = XCBuildConfiguration;
			baseConfigurationReference = F0475B5723990666CF117C65 /* Pods-ServiceExtension.release.xcconfig */;
			buildSettings = {
				CLANG_ENABLE_MODULES = YES;
				CODE_SIGN_STYLE = Automatic;
				DEVELOPMENT_TEAM = E59R2H2BZQ;
				INFOPLIST_FILE = ServiceExtension/Info.plist;
				LD_RUNPATH_SEARCH_PATHS = (
					"$(inherited)",
					"@executable_path/Frameworks",
					"@executable_path/../../Frameworks",
				);
				PRODUCT_BUNDLE_IDENTIFIER = com.webengage.WEGExtensionApp.ServiceExtension;
				PRODUCT_NAME = "$(TARGET_NAME)";
				SKIP_INSTALL = YES;
				SWIFT_OBJC_BRIDGING_HEADER = "ServiceExtension/ServiceExtension-Bridging-Header.h";
				SWIFT_VERSION = 5.0;
				TARGETED_DEVICE_FAMILY = "1,2";
			};
			name = Release;
		};
		EC7FA0E822423D1B00910E1B /* Debug */ = {
			isa = XCBuildConfiguration;
			baseConfigurationReference = 8288374F4CC9F6A69DC1929F /* Pods-ContentExtension.debug.xcconfig */;
			buildSettings = {
				CLANG_ENABLE_MODULES = YES;
				CODE_SIGN_STYLE = Automatic;
				DEVELOPMENT_TEAM = E59R2H2BZQ;
				INFOPLIST_FILE = ContentExtension/Info.plist;
				LD_RUNPATH_SEARCH_PATHS = (
					"$(inherited)",
					"@executable_path/Frameworks",
					"@executable_path/../../Frameworks",
				);
				PRODUCT_BUNDLE_IDENTIFIER = com.webengage.WEGExtensionApp.ContentExtension;
				PRODUCT_NAME = "$(TARGET_NAME)";
				SKIP_INSTALL = YES;
				SWIFT_OBJC_BRIDGING_HEADER = "ContentExtension/ContentExtension-Bridging-Header.h";
				SWIFT_OPTIMIZATION_LEVEL = "-Onone";
				SWIFT_VERSION = 5.0;
				TARGETED_DEVICE_FAMILY = "1,2";
			};
			name = Debug;
		};
		EC7FA0E922423D1B00910E1B /* Release */ = {
			isa = XCBuildConfiguration;
			baseConfigurationReference = CF34E9CCD03C284D4C70479B /* Pods-ContentExtension.release.xcconfig */;
			buildSettings = {
				CLANG_ENABLE_MODULES = YES;
				CODE_SIGN_STYLE = Automatic;
				DEVELOPMENT_TEAM = E59R2H2BZQ;
				INFOPLIST_FILE = ContentExtension/Info.plist;
				LD_RUNPATH_SEARCH_PATHS = (
					"$(inherited)",
					"@executable_path/Frameworks",
					"@executable_path/../../Frameworks",
				);
				PRODUCT_BUNDLE_IDENTIFIER = com.webengage.WEGExtensionApp.ContentExtension;
				PRODUCT_NAME = "$(TARGET_NAME)";
				SKIP_INSTALL = YES;
				SWIFT_OBJC_BRIDGING_HEADER = "ContentExtension/ContentExtension-Bridging-Header.h";
				SWIFT_VERSION = 5.0;
				TARGETED_DEVICE_FAMILY = "1,2";
			};
			name = Release;
		};
/* End XCBuildConfiguration section */

/* Begin XCConfigurationList section */
		EC427EE921B6987C001EC77F /* Build configuration list for PBXProject "WEGExtensionApp" */ = {
			isa = XCConfigurationList;
			buildConfigurations = (
				EC427EFE21B6987D001EC77F /* Debug */,
				EC427EFF21B6987D001EC77F /* Release */,
			);
			defaultConfigurationIsVisible = 0;
			defaultConfigurationName = Release;
		};
		EC427F0021B6987D001EC77F /* Build configuration list for PBXNativeTarget "WEGExtensionApp" */ = {
			isa = XCConfigurationList;
			buildConfigurations = (
				EC427F0121B6987D001EC77F /* Debug */,
				EC427F0221B6987D001EC77F /* Release */,
			);
			defaultConfigurationIsVisible = 0;
			defaultConfigurationName = Release;
		};
		EC7FA0D522423D0900910E1B /* Build configuration list for PBXNativeTarget "ServiceExtension" */ = {
			isa = XCConfigurationList;
			buildConfigurations = (
				EC7FA0D322423D0900910E1B /* Debug */,
				EC7FA0D422423D0900910E1B /* Release */,
			);
			defaultConfigurationIsVisible = 0;
			defaultConfigurationName = Release;
		};
		EC7FA0E722423D1B00910E1B /* Build configuration list for PBXNativeTarget "ContentExtension" */ = {
			isa = XCConfigurationList;
			buildConfigurations = (
				EC7FA0E822423D1B00910E1B /* Debug */,
				EC7FA0E922423D1B00910E1B /* Release */,
			);
			defaultConfigurationIsVisible = 0;
			defaultConfigurationName = Release;
		};
/* End XCConfigurationList section */
	};
	rootObject = EC427EE621B6987C001EC77F /* Project object */;
}
