// !$*UTF8*$!
{
	archiveVersion = 1;
	classes = {
	};
	objectVersion = 50;
	objects = {

/* Begin PBXBuildFile section */
		7B9A105F58DE51E8F3E39F9F /* Pods_ServiceExtension.framework in Frameworks */ = {isa = PBXBuildFile; fileRef = 9BF50C59DA4335AEA9E11A71 /* Pods_ServiceExtension.framework */; };
		7D1365C4D5438E054965D635 /* Pods_ContentExtension.framework in Frameworks */ = {isa = PBXBuildFile; fileRef = 03B7869BB95524603C3E74D6 /* Pods_ContentExtension.framework */; };
		C234AE98C6C910400C3E8E2A /* Pods_WEGExtensionApp.framework in Frameworks */ = {isa = PBXBuildFile; fileRef = 3DABFD3BB7EF4EDDA54A6063 /* Pods_WEGExtensionApp.framework */; };
		EC427EF221B6987C001EC77F /* AppDelegate.swift in Sources */ = {isa = PBXBuildFile; fileRef = EC427EF121B6987C001EC77F /* AppDelegate.swift */; };
		EC427EF421B6987C001EC77F /* ViewController.swift in Sources */ = {isa = PBXBuildFile; fileRef = EC427EF321B6987C001EC77F /* ViewController.swift */; };
		EC427EF721B6987C001EC77F /* Main.storyboard in Resources */ = {isa = PBXBuildFile; fileRef = EC427EF521B6987C001EC77F /* Main.storyboard */; };
		EC427EF921B6987D001EC77F /* Assets.xcassets in Resources */ = {isa = PBXBuildFile; fileRef = EC427EF821B6987D001EC77F /* Assets.xcassets */; };
		EC427EFC21B6987D001EC77F /* LaunchScreen.storyboard in Resources */ = {isa = PBXBuildFile; fileRef = EC427EFA21B6987D001EC77F /* LaunchScreen.storyboard */; };
		EC427F0A21B698A3001EC77F /* NotificationService.swift in Sources */ = {isa = PBXBuildFile; fileRef = EC427F0921B698A3001EC77F /* NotificationService.swift */; };
		EC427F0E21B698A3001EC77F /* ServiceExtension.appex in Embed App Extensions */ = {isa = PBXBuildFile; fileRef = EC427F0721B698A3001EC77F /* ServiceExtension.appex */; settings = {ATTRIBUTES = (RemoveHeadersOnCopy, ); }; };
		EC427F1A21B698BA001EC77F /* UserNotifications.framework in Frameworks */ = {isa = PBXBuildFile; fileRef = EC427F1921B698BA001EC77F /* UserNotifications.framework */; };
		EC427F1C21B698BA001EC77F /* UserNotificationsUI.framework in Frameworks */ = {isa = PBXBuildFile; fileRef = EC427F1B21B698BA001EC77F /* UserNotificationsUI.framework */; };
		EC427F1F21B698BA001EC77F /* NotificationViewController.swift in Sources */ = {isa = PBXBuildFile; fileRef = EC427F1E21B698BA001EC77F /* NotificationViewController.swift */; };
		EC427F2221B698BA001EC77F /* MainInterface.storyboard in Resources */ = {isa = PBXBuildFile; fileRef = EC427F2021B698BA001EC77F /* MainInterface.storyboard */; };
		EC427F2621B698BA001EC77F /* ContentExtension.appex in Embed App Extensions */ = {isa = PBXBuildFile; fileRef = EC427F1721B698BA001EC77F /* ContentExtension.appex */; settings = {ATTRIBUTES = (RemoveHeadersOnCopy, ); }; };
		EC9A3D9121B6B07900C63B7D /* WEXPushNotificationService.m in Sources */ = {isa = PBXBuildFile; fileRef = EC9A3D7B21B6B07900C63B7D /* WEXPushNotificationService.m */; };
		EC9A3D9221B6B07900C63B7D /* WEXPushNotificationService.m in Sources */ = {isa = PBXBuildFile; fileRef = EC9A3D7B21B6B07900C63B7D /* WEXPushNotificationService.m */; };
		EC9A3D9321B6B07900C63B7D /* WEXPushNotificationService.m in Sources */ = {isa = PBXBuildFile; fileRef = EC9A3D7B21B6B07900C63B7D /* WEXPushNotificationService.m */; };
		EC9A3D9421B6B07900C63B7D /* WEXRichPushNotificationViewController.m in Sources */ = {isa = PBXBuildFile; fileRef = EC9A3D8021B6B07900C63B7D /* WEXRichPushNotificationViewController.m */; };
		EC9A3D9521B6B07900C63B7D /* WEXRichPushNotificationViewController.m in Sources */ = {isa = PBXBuildFile; fileRef = EC9A3D8021B6B07900C63B7D /* WEXRichPushNotificationViewController.m */; };
		EC9A3D9621B6B07900C63B7D /* WEXRichPushNotificationViewController.m in Sources */ = {isa = PBXBuildFile; fileRef = EC9A3D8021B6B07900C63B7D /* WEXRichPushNotificationViewController.m */; };
		EC9A3D9721B6B07900C63B7D /* WEXCarouselPushNotificationViewController.m in Sources */ = {isa = PBXBuildFile; fileRef = EC9A3D8121B6B07900C63B7D /* WEXCarouselPushNotificationViewController.m */; };
		EC9A3D9821B6B07900C63B7D /* WEXCarouselPushNotificationViewController.m in Sources */ = {isa = PBXBuildFile; fileRef = EC9A3D8121B6B07900C63B7D /* WEXCarouselPushNotificationViewController.m */; };
		EC9A3D9921B6B07900C63B7D /* WEXCarouselPushNotificationViewController.m in Sources */ = {isa = PBXBuildFile; fileRef = EC9A3D8121B6B07900C63B7D /* WEXCarouselPushNotificationViewController.m */; };
		EC9A3D9A21B6B07900C63B7D /* WEXRatingPushNotificationViewController.m in Sources */ = {isa = PBXBuildFile; fileRef = EC9A3D8221B6B07900C63B7D /* WEXRatingPushNotificationViewController.m */; };
		EC9A3D9B21B6B07900C63B7D /* WEXRatingPushNotificationViewController.m in Sources */ = {isa = PBXBuildFile; fileRef = EC9A3D8221B6B07900C63B7D /* WEXRatingPushNotificationViewController.m */; };
		EC9A3D9C21B6B07900C63B7D /* WEXRatingPushNotificationViewController.m in Sources */ = {isa = PBXBuildFile; fileRef = EC9A3D8221B6B07900C63B7D /* WEXRatingPushNotificationViewController.m */; };
		EC9A3D9D21B6B07900C63B7D /* WEXRichPushLayout.m in Sources */ = {isa = PBXBuildFile; fileRef = EC9A3D8421B6B07900C63B7D /* WEXRichPushLayout.m */; };
		EC9A3D9E21B6B07900C63B7D /* WEXRichPushLayout.m in Sources */ = {isa = PBXBuildFile; fileRef = EC9A3D8421B6B07900C63B7D /* WEXRichPushLayout.m */; };
		EC9A3D9F21B6B07900C63B7D /* WEXRichPushLayout.m in Sources */ = {isa = PBXBuildFile; fileRef = EC9A3D8421B6B07900C63B7D /* WEXRichPushLayout.m */; };
		EC9A3DA021B6B07900C63B7D /* .gitkeep in Resources */ = {isa = PBXBuildFile; fileRef = EC9A3D8721B6B07900C63B7D /* .gitkeep */; };
		EC9A3DA121B6B07900C63B7D /* .gitkeep in Resources */ = {isa = PBXBuildFile; fileRef = EC9A3D8721B6B07900C63B7D /* .gitkeep */; };
		EC9A3DA221B6B07900C63B7D /* .gitkeep in Resources */ = {isa = PBXBuildFile; fileRef = EC9A3D8721B6B07900C63B7D /* .gitkeep */; };
		EC9A3DA321B6B07900C63B7D /* WEXAnalytics.m in Sources */ = {isa = PBXBuildFile; fileRef = EC9A3D8C21B6B07900C63B7D /* WEXAnalytics.m */; };
		EC9A3DA421B6B07900C63B7D /* WEXAnalytics.m in Sources */ = {isa = PBXBuildFile; fileRef = EC9A3D8C21B6B07900C63B7D /* WEXAnalytics.m */; };
		EC9A3DA521B6B07900C63B7D /* WEXAnalytics.m in Sources */ = {isa = PBXBuildFile; fileRef = EC9A3D8C21B6B07900C63B7D /* WEXAnalytics.m */; };
		EC9A3DA621B6B07900C63B7D /* WEXUser.m in Sources */ = {isa = PBXBuildFile; fileRef = EC9A3D8D21B6B07900C63B7D /* WEXUser.m */; };
		EC9A3DA721B6B07900C63B7D /* WEXUser.m in Sources */ = {isa = PBXBuildFile; fileRef = EC9A3D8D21B6B07900C63B7D /* WEXUser.m */; };
		EC9A3DA821B6B07900C63B7D /* WEXUser.m in Sources */ = {isa = PBXBuildFile; fileRef = EC9A3D8D21B6B07900C63B7D /* WEXUser.m */; };
		EC9A3DA921B6B07900C63B7D /* WEXCoreUtils.m in Sources */ = {isa = PBXBuildFile; fileRef = EC9A3D8E21B6B07900C63B7D /* WEXCoreUtils.m */; };
		EC9A3DAA21B6B07900C63B7D /* WEXCoreUtils.m in Sources */ = {isa = PBXBuildFile; fileRef = EC9A3D8E21B6B07900C63B7D /* WEXCoreUtils.m */; };
		EC9A3DAB21B6B07900C63B7D /* WEXCoreUtils.m in Sources */ = {isa = PBXBuildFile; fileRef = EC9A3D8E21B6B07900C63B7D /* WEXCoreUtils.m */; };
		EC9A3DAC21B6B07900C63B7D /* .gitkeep in Resources */ = {isa = PBXBuildFile; fileRef = EC9A3D9021B6B07900C63B7D /* .gitkeep */; };
		EC9A3DAD21B6B07900C63B7D /* .gitkeep in Resources */ = {isa = PBXBuildFile; fileRef = EC9A3D9021B6B07900C63B7D /* .gitkeep */; };
		EC9A3DAE21B6B07900C63B7D /* .gitkeep in Resources */ = {isa = PBXBuildFile; fileRef = EC9A3D9021B6B07900C63B7D /* .gitkeep */; };
/* End PBXBuildFile section */

/* Begin PBXContainerItemProxy section */
		EC427F0C21B698A3001EC77F /* PBXContainerItemProxy */ = {
			isa = PBXContainerItemProxy;
			containerPortal = EC427EE621B6987C001EC77F /* Project object */;
			proxyType = 1;
			remoteGlobalIDString = EC427F0621B698A3001EC77F;
			remoteInfo = ServiceExtension;
		};
		EC427F2421B698BA001EC77F /* PBXContainerItemProxy */ = {
			isa = PBXContainerItemProxy;
			containerPortal = EC427EE621B6987C001EC77F /* Project object */;
			proxyType = 1;
			remoteGlobalIDString = EC427F1621B698BA001EC77F;
			remoteInfo = ContentExtension;
		};
/* End PBXContainerItemProxy section */

/* Begin PBXCopyFilesBuildPhase section */
		EC427F1221B698A3001EC77F /* Embed App Extensions */ = {
			isa = PBXCopyFilesBuildPhase;
			buildActionMask = 2147483647;
			dstPath = "";
			dstSubfolderSpec = 13;
			files = (
				EC427F2621B698BA001EC77F /* ContentExtension.appex in Embed App Extensions */,
				EC427F0E21B698A3001EC77F /* ServiceExtension.appex in Embed App Extensions */,
			);
			name = "Embed App Extensions";
			runOnlyForDeploymentPostprocessing = 0;
		};
/* End PBXCopyFilesBuildPhase section */

/* Begin PBXFileReference section */
		03B7869BB95524603C3E74D6 /* Pods_ContentExtension.framework */ = {isa = PBXFileReference; explicitFileType = wrapper.framework; includeInIndex = 0; path = Pods_ContentExtension.framework; sourceTree = BUILT_PRODUCTS_DIR; };
		3DABFD3BB7EF4EDDA54A6063 /* Pods_WEGExtensionApp.framework */ = {isa = PBXFileReference; explicitFileType = wrapper.framework; includeInIndex = 0; path = Pods_WEGExtensionApp.framework; sourceTree = BUILT_PRODUCTS_DIR; };
		56A49FB8EB9E003121E4C723 /* Pods-WEGExtensionApp.debug.xcconfig */ = {isa = PBXFileReference; includeInIndex = 1; lastKnownFileType = text.xcconfig; name = "Pods-WEGExtensionApp.debug.xcconfig"; path = "Pods/Target Support Files/Pods-WEGExtensionApp/Pods-WEGExtensionApp.debug.xcconfig"; sourceTree = "<group>"; };
		8288374F4CC9F6A69DC1929F /* Pods-ContentExtension.debug.xcconfig */ = {isa = PBXFileReference; includeInIndex = 1; lastKnownFileType = text.xcconfig; name = "Pods-ContentExtension.debug.xcconfig"; path = "Pods/Target Support Files/Pods-ContentExtension/Pods-ContentExtension.debug.xcconfig"; sourceTree = "<group>"; };
		9BF50C59DA4335AEA9E11A71 /* Pods_ServiceExtension.framework */ = {isa = PBXFileReference; explicitFileType = wrapper.framework; includeInIndex = 0; path = Pods_ServiceExtension.framework; sourceTree = BUILT_PRODUCTS_DIR; };
		B554331A99838E3647290F86 /* Pods-ServiceExtension.debug.xcconfig */ = {isa = PBXFileReference; includeInIndex = 1; lastKnownFileType = text.xcconfig; name = "Pods-ServiceExtension.debug.xcconfig"; path = "Pods/Target Support Files/Pods-ServiceExtension/Pods-ServiceExtension.debug.xcconfig"; sourceTree = "<group>"; };
		BF5C12043F19FA4C36D82355 /* Pods-WEGExtensionApp.release.xcconfig */ = {isa = PBXFileReference; includeInIndex = 1; lastKnownFileType = text.xcconfig; name = "Pods-WEGExtensionApp.release.xcconfig"; path = "Pods/Target Support Files/Pods-WEGExtensionApp/Pods-WEGExtensionApp.release.xcconfig"; sourceTree = "<group>"; };
		CF34E9CCD03C284D4C70479B /* Pods-ContentExtension.release.xcconfig */ = {isa = PBXFileReference; includeInIndex = 1; lastKnownFileType = text.xcconfig; name = "Pods-ContentExtension.release.xcconfig"; path = "Pods/Target Support Files/Pods-ContentExtension/Pods-ContentExtension.release.xcconfig"; sourceTree = "<group>"; };
		EC427EEE21B6987C001EC77F /* WEGExtensionApp.app */ = {isa = PBXFileReference; explicitFileType = wrapper.application; includeInIndex = 0; path = WEGExtensionApp.app; sourceTree = BUILT_PRODUCTS_DIR; };
		EC427EF121B6987C001EC77F /* AppDelegate.swift */ = {isa = PBXFileReference; lastKnownFileType = sourcecode.swift; path = AppDelegate.swift; sourceTree = "<group>"; };
		EC427EF321B6987C001EC77F /* ViewController.swift */ = {isa = PBXFileReference; lastKnownFileType = sourcecode.swift; path = ViewController.swift; sourceTree = "<group>"; };
		EC427EF621B6987C001EC77F /* Base */ = {isa = PBXFileReference; lastKnownFileType = file.storyboard; name = Base; path = Base.lproj/Main.storyboard; sourceTree = "<group>"; };
		EC427EF821B6987D001EC77F /* Assets.xcassets */ = {isa = PBXFileReference; lastKnownFileType = folder.assetcatalog; path = Assets.xcassets; sourceTree = "<group>"; };
		EC427EFB21B6987D001EC77F /* Base */ = {isa = PBXFileReference; lastKnownFileType = file.storyboard; name = Base; path = Base.lproj/LaunchScreen.storyboard; sourceTree = "<group>"; };
		EC427EFD21B6987D001EC77F /* Info.plist */ = {isa = PBXFileReference; lastKnownFileType = text.plist.xml; path = Info.plist; sourceTree = "<group>"; };
		EC427F0721B698A3001EC77F /* ServiceExtension.appex */ = {isa = PBXFileReference; explicitFileType = "wrapper.app-extension"; includeInIndex = 0; path = ServiceExtension.appex; sourceTree = BUILT_PRODUCTS_DIR; };
		EC427F0921B698A3001EC77F /* NotificationService.swift */ = {isa = PBXFileReference; lastKnownFileType = sourcecode.swift; path = NotificationService.swift; sourceTree = "<group>"; };
		EC427F0B21B698A3001EC77F /* Info.plist */ = {isa = PBXFileReference; lastKnownFileType = text.plist.xml; path = Info.plist; sourceTree = "<group>"; };
		EC427F1721B698BA001EC77F /* ContentExtension.appex */ = {isa = PBXFileReference; explicitFileType = "wrapper.app-extension"; includeInIndex = 0; path = ContentExtension.appex; sourceTree = BUILT_PRODUCTS_DIR; };
		EC427F1921B698BA001EC77F /* UserNotifications.framework */ = {isa = PBXFileReference; lastKnownFileType = wrapper.framework; name = UserNotifications.framework; path = System/Library/Frameworks/UserNotifications.framework; sourceTree = SDKROOT; };
		EC427F1B21B698BA001EC77F /* UserNotificationsUI.framework */ = {isa = PBXFileReference; lastKnownFileType = wrapper.framework; name = UserNotificationsUI.framework; path = System/Library/Frameworks/UserNotificationsUI.framework; sourceTree = SDKROOT; };
		EC427F1E21B698BA001EC77F /* NotificationViewController.swift */ = {isa = PBXFileReference; lastKnownFileType = sourcecode.swift; path = NotificationViewController.swift; sourceTree = "<group>"; };
		EC427F2121B698BA001EC77F /* Base */ = {isa = PBXFileReference; lastKnownFileType = file.storyboard; name = Base; path = Base.lproj/MainInterface.storyboard; sourceTree = "<group>"; };
		EC427F2321B698BA001EC77F /* Info.plist */ = {isa = PBXFileReference; lastKnownFileType = text.plist.xml; path = Info.plist; sourceTree = "<group>"; };
		EC9A3D7B21B6B07900C63B7D /* WEXPushNotificationService.m */ = {isa = PBXFileReference; fileEncoding = 4; lastKnownFileType = sourcecode.c.objc; path = WEXPushNotificationService.m; sourceTree = "<group>"; };
		EC9A3D7C21B6B07900C63B7D /* WEXPushNotificationService.h */ = {isa = PBXFileReference; fileEncoding = 4; lastKnownFileType = sourcecode.c.h; path = WEXPushNotificationService.h; sourceTree = "<group>"; };
		EC9A3D7E21B6B07900C63B7D /* WEXRichPushNotificationViewController+Private.h */ = {isa = PBXFileReference; fileEncoding = 4; lastKnownFileType = sourcecode.c.h; path = "WEXRichPushNotificationViewController+Private.h"; sourceTree = "<group>"; };
		EC9A3D7F21B6B07900C63B7D /* WEXRichPushLayout.h */ = {isa = PBXFileReference; fileEncoding = 4; lastKnownFileType = sourcecode.c.h; path = WEXRichPushLayout.h; sourceTree = "<group>"; };
		EC9A3D8021B6B07900C63B7D /* WEXRichPushNotificationViewController.m */ = {isa = PBXFileReference; fileEncoding = 4; lastKnownFileType = sourcecode.c.objc; path = WEXRichPushNotificationViewController.m; sourceTree = "<group>"; };
		EC9A3D8121B6B07900C63B7D /* WEXCarouselPushNotificationViewController.m */ = {isa = PBXFileReference; fileEncoding = 4; lastKnownFileType = sourcecode.c.objc; path = WEXCarouselPushNotificationViewController.m; sourceTree = "<group>"; };
		EC9A3D8221B6B07900C63B7D /* WEXRatingPushNotificationViewController.m */ = {isa = PBXFileReference; fileEncoding = 4; lastKnownFileType = sourcecode.c.objc; path = WEXRatingPushNotificationViewController.m; sourceTree = "<group>"; };
		EC9A3D8321B6B07900C63B7D /* WEXRichPushNotificationViewController.h */ = {isa = PBXFileReference; fileEncoding = 4; lastKnownFileType = sourcecode.c.h; path = WEXRichPushNotificationViewController.h; sourceTree = "<group>"; };
		EC9A3D8421B6B07900C63B7D /* WEXRichPushLayout.m */ = {isa = PBXFileReference; fileEncoding = 4; lastKnownFileType = sourcecode.c.objc; path = WEXRichPushLayout.m; sourceTree = "<group>"; };
		EC9A3D8521B6B07900C63B7D /* WEXCarouselPushNotificationViewController.h */ = {isa = PBXFileReference; fileEncoding = 4; lastKnownFileType = sourcecode.c.h; path = WEXCarouselPushNotificationViewController.h; sourceTree = "<group>"; };
		EC9A3D8621B6B07900C63B7D /* WEXRatingPushNotificationViewController.h */ = {isa = PBXFileReference; fileEncoding = 4; lastKnownFileType = sourcecode.c.h; path = WEXRatingPushNotificationViewController.h; sourceTree = "<group>"; };
		EC9A3D8721B6B07900C63B7D /* .gitkeep */ = {isa = PBXFileReference; fileEncoding = 4; lastKnownFileType = text; path = .gitkeep; sourceTree = "<group>"; };
		EC9A3D8921B6B07900C63B7D /* WEXUser.h */ = {isa = PBXFileReference; fileEncoding = 4; lastKnownFileType = sourcecode.c.h; path = WEXUser.h; sourceTree = "<group>"; };
		EC9A3D8A21B6B07900C63B7D /* WEXAnalytics.h */ = {isa = PBXFileReference; fileEncoding = 4; lastKnownFileType = sourcecode.c.h; path = WEXAnalytics.h; sourceTree = "<group>"; };
		EC9A3D8B21B6B07900C63B7D /* WEXCoreUtils.h */ = {isa = PBXFileReference; fileEncoding = 4; lastKnownFileType = sourcecode.c.h; path = WEXCoreUtils.h; sourceTree = "<group>"; };
		EC9A3D8C21B6B07900C63B7D /* WEXAnalytics.m */ = {isa = PBXFileReference; fileEncoding = 4; lastKnownFileType = sourcecode.c.objc; path = WEXAnalytics.m; sourceTree = "<group>"; };
		EC9A3D8D21B6B07900C63B7D /* WEXUser.m */ = {isa = PBXFileReference; fileEncoding = 4; lastKnownFileType = sourcecode.c.objc; path = WEXUser.m; sourceTree = "<group>"; };
		EC9A3D8E21B6B07900C63B7D /* WEXCoreUtils.m */ = {isa = PBXFileReference; fileEncoding = 4; lastKnownFileType = sourcecode.c.objc; path = WEXCoreUtils.m; sourceTree = "<group>"; };
		EC9A3D9021B6B07900C63B7D /* .gitkeep */ = {isa = PBXFileReference; fileEncoding = 4; lastKnownFileType = text; path = .gitkeep; sourceTree = "<group>"; };
		F0475B5723990666CF117C65 /* Pods-ServiceExtension.release.xcconfig */ = {isa = PBXFileReference; includeInIndex = 1; lastKnownFileType = text.xcconfig; name = "Pods-ServiceExtension.release.xcconfig"; path = "Pods/Target Support Files/Pods-ServiceExtension/Pods-ServiceExtension.release.xcconfig"; sourceTree = "<group>"; };
/* End PBXFileReference section */

/* Begin PBXFrameworksBuildPhase section */
		EC427EEB21B6987C001EC77F /* Frameworks */ = {
			isa = PBXFrameworksBuildPhase;
			buildActionMask = 2147483647;
			files = (
				C234AE98C6C910400C3E8E2A /* Pods_WEGExtensionApp.framework in Frameworks */,
			);
			runOnlyForDeploymentPostprocessing = 0;
		};
		EC427F0421B698A3001EC77F /* Frameworks */ = {
			isa = PBXFrameworksBuildPhase;
			buildActionMask = 2147483647;
			files = (
				7B9A105F58DE51E8F3E39F9F /* Pods_ServiceExtension.framework in Frameworks */,
			);
			runOnlyForDeploymentPostprocessing = 0;
		};
		EC427F1421B698BA001EC77F /* Frameworks */ = {
			isa = PBXFrameworksBuildPhase;
			buildActionMask = 2147483647;
			files = (
				EC427F1C21B698BA001EC77F /* UserNotificationsUI.framework in Frameworks */,
				EC427F1A21B698BA001EC77F /* UserNotifications.framework in Frameworks */,
				7D1365C4D5438E054965D635 /* Pods_ContentExtension.framework in Frameworks */,
			);
			runOnlyForDeploymentPostprocessing = 0;
		};
/* End PBXFrameworksBuildPhase section */

/* Begin PBXGroup section */
		80CC95AF2BC732EC1E166EAF /* Pods */ = {
			isa = PBXGroup;
			children = (
				8288374F4CC9F6A69DC1929F /* Pods-ContentExtension.debug.xcconfig */,
				CF34E9CCD03C284D4C70479B /* Pods-ContentExtension.release.xcconfig */,
				B554331A99838E3647290F86 /* Pods-ServiceExtension.debug.xcconfig */,
				F0475B5723990666CF117C65 /* Pods-ServiceExtension.release.xcconfig */,
				56A49FB8EB9E003121E4C723 /* Pods-WEGExtensionApp.debug.xcconfig */,
				BF5C12043F19FA4C36D82355 /* Pods-WEGExtensionApp.release.xcconfig */,
			);
			name = Pods;
			sourceTree = "<group>";
		};
		EC427EE521B6987C001EC77F = {
			isa = PBXGroup;
			children = (
				EC427EF021B6987C001EC77F /* WEGExtensionApp */,
				EC427F0821B698A3001EC77F /* ServiceExtension */,
				EC427F1D21B698BA001EC77F /* ContentExtension */,
				EC9A3D7821B6B07900C63B7D /* WebEngageAppEx */,
				EC427F1821B698BA001EC77F /* Frameworks */,
				EC427EEF21B6987C001EC77F /* Products */,
				80CC95AF2BC732EC1E166EAF /* Pods */,
			);
			sourceTree = "<group>";
		};
		EC427EEF21B6987C001EC77F /* Products */ = {
			isa = PBXGroup;
			children = (
				EC427EEE21B6987C001EC77F /* WEGExtensionApp.app */,
				EC427F0721B698A3001EC77F /* ServiceExtension.appex */,
				EC427F1721B698BA001EC77F /* ContentExtension.appex */,
			);
			name = Products;
			sourceTree = "<group>";
		};
		EC427EF021B6987C001EC77F /* WEGExtensionApp */ = {
			isa = PBXGroup;
			children = (
				EC427EF121B6987C001EC77F /* AppDelegate.swift */,
				EC427EF321B6987C001EC77F /* ViewController.swift */,
				EC427EF521B6987C001EC77F /* Main.storyboard */,
				EC427EF821B6987D001EC77F /* Assets.xcassets */,
				EC427EFA21B6987D001EC77F /* LaunchScreen.storyboard */,
				EC427EFD21B6987D001EC77F /* Info.plist */,
			);
			path = WEGExtensionApp;
			sourceTree = "<group>";
		};
		EC427F0821B698A3001EC77F /* ServiceExtension */ = {
			isa = PBXGroup;
			children = (
				EC427F0921B698A3001EC77F /* NotificationService.swift */,
				EC427F0B21B698A3001EC77F /* Info.plist */,
			);
			path = ServiceExtension;
			sourceTree = "<group>";
		};
		EC427F1821B698BA001EC77F /* Frameworks */ = {
			isa = PBXGroup;
			children = (
				EC427F1921B698BA001EC77F /* UserNotifications.framework */,
				EC427F1B21B698BA001EC77F /* UserNotificationsUI.framework */,
				03B7869BB95524603C3E74D6 /* Pods_ContentExtension.framework */,
				9BF50C59DA4335AEA9E11A71 /* Pods_ServiceExtension.framework */,
				3DABFD3BB7EF4EDDA54A6063 /* Pods_WEGExtensionApp.framework */,
			);
			name = Frameworks;
			sourceTree = "<group>";
		};
		EC427F1D21B698BA001EC77F /* ContentExtension */ = {
			isa = PBXGroup;
			children = (
				EC427F1E21B698BA001EC77F /* NotificationViewController.swift */,
				EC427F2021B698BA001EC77F /* MainInterface.storyboard */,
				EC427F2321B698BA001EC77F /* Info.plist */,
			);
			path = ContentExtension;
			sourceTree = "<group>";
		};
		EC9A3D7821B6B07900C63B7D /* WebEngageAppEx */ = {
			isa = PBXGroup;
			children = (
				EC9A3D7921B6B07900C63B7D /* Classes */,
				EC9A3D8F21B6B07900C63B7D /* Assets */,
			);
			name = WebEngageAppEx;
			path = ../WebEngageAppEx;
			sourceTree = "<group>";
		};
		EC9A3D7921B6B07900C63B7D /* Classes */ = {
			isa = PBXGroup;
			children = (
				EC9A3D7A21B6B07900C63B7D /* NotificationService */,
				EC9A3D7D21B6B07900C63B7D /* ContentExtension */,
				EC9A3D8721B6B07900C63B7D /* .gitkeep */,
				EC9A3D8821B6B07900C63B7D /* CoreApi */,
			);
			path = Classes;
			sourceTree = "<group>";
		};
		EC9A3D7A21B6B07900C63B7D /* NotificationService */ = {
			isa = PBXGroup;
			children = (
				EC9A3D7B21B6B07900C63B7D /* WEXPushNotificationService.m */,
				EC9A3D7C21B6B07900C63B7D /* WEXPushNotificationService.h */,
			);
			path = NotificationService;
			sourceTree = "<group>";
		};
		EC9A3D7D21B6B07900C63B7D /* ContentExtension */ = {
			isa = PBXGroup;
			children = (
				EC9A3D7E21B6B07900C63B7D /* WEXRichPushNotificationViewController+Private.h */,
				EC9A3D7F21B6B07900C63B7D /* WEXRichPushLayout.h */,
				EC9A3D8021B6B07900C63B7D /* WEXRichPushNotificationViewController.m */,
				EC9A3D8121B6B07900C63B7D /* WEXCarouselPushNotificationViewController.m */,
				EC9A3D8221B6B07900C63B7D /* WEXRatingPushNotificationViewController.m */,
				EC9A3D8321B6B07900C63B7D /* WEXRichPushNotificationViewController.h */,
				EC9A3D8421B6B07900C63B7D /* WEXRichPushLayout.m */,
				EC9A3D8521B6B07900C63B7D /* WEXCarouselPushNotificationViewController.h */,
				EC9A3D8621B6B07900C63B7D /* WEXRatingPushNotificationViewController.h */,
			);
			path = ContentExtension;
			sourceTree = "<group>";
		};
		EC9A3D8821B6B07900C63B7D /* CoreApi */ = {
			isa = PBXGroup;
			children = (
				EC9A3D8921B6B07900C63B7D /* WEXUser.h */,
				EC9A3D8A21B6B07900C63B7D /* WEXAnalytics.h */,
				EC9A3D8B21B6B07900C63B7D /* WEXCoreUtils.h */,
				EC9A3D8C21B6B07900C63B7D /* WEXAnalytics.m */,
				EC9A3D8D21B6B07900C63B7D /* WEXUser.m */,
				EC9A3D8E21B6B07900C63B7D /* WEXCoreUtils.m */,
			);
			path = CoreApi;
			sourceTree = "<group>";
		};
		EC9A3D8F21B6B07900C63B7D /* Assets */ = {
			isa = PBXGroup;
			children = (
				EC9A3D9021B6B07900C63B7D /* .gitkeep */,
			);
			path = Assets;
			sourceTree = "<group>";
		};
/* End PBXGroup section */

/* Begin PBXNativeTarget section */
		EC427EED21B6987C001EC77F /* WEGExtensionApp */ = {
			isa = PBXNativeTarget;
			buildConfigurationList = EC427F0021B6987D001EC77F /* Build configuration list for PBXNativeTarget "WEGExtensionApp" */;
			buildPhases = (
				F16A2A59397B8F4AD3A22D55 /* [CP] Check Pods Manifest.lock */,
				EC427EEA21B6987C001EC77F /* Sources */,
				EC427EEB21B6987C001EC77F /* Frameworks */,
				EC427EEC21B6987C001EC77F /* Resources */,
				EC427F1221B698A3001EC77F /* Embed App Extensions */,
				EA037E9B183C6C1C7C392F5B /* [CP] Embed Pods Frameworks */,
			);
			buildRules = (
			);
			dependencies = (
				EC427F0D21B698A3001EC77F /* PBXTargetDependency */,
				EC427F2521B698BA001EC77F /* PBXTargetDependency */,
			);
			name = WEGExtensionApp;
			productName = WEGExtensionApp;
			productReference = EC427EEE21B6987C001EC77F /* WEGExtensionApp.app */;
			productType = "com.apple.product-type.application";
		};
		EC427F0621B698A3001EC77F /* ServiceExtension */ = {
			isa = PBXNativeTarget;
			buildConfigurationList = EC427F0F21B698A3001EC77F /* Build configuration list for PBXNativeTarget "ServiceExtension" */;
			buildPhases = (
				79D8A8E5865AE18FCADCEFA9 /* [CP] Check Pods Manifest.lock */,
				EC427F0321B698A3001EC77F /* Sources */,
				EC427F0421B698A3001EC77F /* Frameworks */,
				EC427F0521B698A3001EC77F /* Resources */,
			);
			buildRules = (
			);
			dependencies = (
			);
			name = ServiceExtension;
			productName = ServiceExtension;
			productReference = EC427F0721B698A3001EC77F /* ServiceExtension.appex */;
			productType = "com.apple.product-type.app-extension";
		};
		EC427F1621B698BA001EC77F /* ContentExtension */ = {
			isa = PBXNativeTarget;
			buildConfigurationList = EC427F2721B698BB001EC77F /* Build configuration list for PBXNativeTarget "ContentExtension" */;
			buildPhases = (
				562C45CBF4B55C1A0643F7C8 /* [CP] Check Pods Manifest.lock */,
				EC427F1321B698BA001EC77F /* Sources */,
				EC427F1421B698BA001EC77F /* Frameworks */,
				EC427F1521B698BA001EC77F /* Resources */,
			);
			buildRules = (
			);
			dependencies = (
			);
			name = ContentExtension;
			productName = ContentExtension;
			productReference = EC427F1721B698BA001EC77F /* ContentExtension.appex */;
			productType = "com.apple.product-type.app-extension";
		};
/* End PBXNativeTarget section */

/* Begin PBXProject section */
		EC427EE621B6987C001EC77F /* Project object */ = {
			isa = PBXProject;
			attributes = {
				LastSwiftUpdateCheck = 1010;
				LastUpgradeCheck = 1010;
				ORGANIZATIONNAME = "Yogesh Singh";
				TargetAttributes = {
					EC427EED21B6987C001EC77F = {
						CreatedOnToolsVersion = 10.1;
					};
					EC427F0621B698A3001EC77F = {
						CreatedOnToolsVersion = 10.1;
					};
					EC427F1621B698BA001EC77F = {
						CreatedOnToolsVersion = 10.1;
					};
				};
			};
			buildConfigurationList = EC427EE921B6987C001EC77F /* Build configuration list for PBXProject "WEGExtensionApp" */;
			compatibilityVersion = "Xcode 9.3";
			developmentRegion = en;
			hasScannedForEncodings = 0;
			knownRegions = (
				en,
				Base,
			);
			mainGroup = EC427EE521B6987C001EC77F;
			productRefGroup = EC427EEF21B6987C001EC77F /* Products */;
			projectDirPath = "";
			projectRoot = "";
			targets = (
				EC427EED21B6987C001EC77F /* WEGExtensionApp */,
				EC427F0621B698A3001EC77F /* ServiceExtension */,
				EC427F1621B698BA001EC77F /* ContentExtension */,
			);
		};
/* End PBXProject section */

/* Begin PBXResourcesBuildPhase section */
		EC427EEC21B6987C001EC77F /* Resources */ = {
			isa = PBXResourcesBuildPhase;
			buildActionMask = 2147483647;
			files = (
				EC427EFC21B6987D001EC77F /* LaunchScreen.storyboard in Resources */,
				EC427EF921B6987D001EC77F /* Assets.xcassets in Resources */,
				EC9A3DAC21B6B07900C63B7D /* .gitkeep in Resources */,
				EC427EF721B6987C001EC77F /* Main.storyboard in Resources */,
				EC9A3DA021B6B07900C63B7D /* .gitkeep in Resources */,
			);
			runOnlyForDeploymentPostprocessing = 0;
		};
		EC427F0521B698A3001EC77F /* Resources */ = {
			isa = PBXResourcesBuildPhase;
			buildActionMask = 2147483647;
			files = (
				EC9A3DA121B6B07900C63B7D /* .gitkeep in Resources */,
				EC9A3DAD21B6B07900C63B7D /* .gitkeep in Resources */,
			);
			runOnlyForDeploymentPostprocessing = 0;
		};
		EC427F1521B698BA001EC77F /* Resources */ = {
			isa = PBXResourcesBuildPhase;
			buildActionMask = 2147483647;
			files = (
				EC9A3DAE21B6B07900C63B7D /* .gitkeep in Resources */,
				EC427F2221B698BA001EC77F /* MainInterface.storyboard in Resources */,
				EC9A3DA221B6B07900C63B7D /* .gitkeep in Resources */,
			);
			runOnlyForDeploymentPostprocessing = 0;
		};
/* End PBXResourcesBuildPhase section */

/* Begin PBXShellScriptBuildPhase section */
		562C45CBF4B55C1A0643F7C8 /* [CP] Check Pods Manifest.lock */ = {
			isa = PBXShellScriptBuildPhase;
			buildActionMask = 2147483647;
			files = (
			);
			inputFileListPaths = (
			);
			inputPaths = (
				"${PODS_PODFILE_DIR_PATH}/Podfile.lock",
				"${PODS_ROOT}/Manifest.lock",
			);
			name = "[CP] Check Pods Manifest.lock";
			outputFileListPaths = (
			);
			outputPaths = (
				"$(DERIVED_FILE_DIR)/Pods-ContentExtension-checkManifestLockResult.txt",
			);
			runOnlyForDeploymentPostprocessing = 0;
			shellPath = /bin/sh;
			shellScript = "diff \"${PODS_PODFILE_DIR_PATH}/Podfile.lock\" \"${PODS_ROOT}/Manifest.lock\" > /dev/null\nif [ $? != 0 ] ; then\n    # print error to STDERR\n    echo \"error: The sandbox is not in sync with the Podfile.lock. Run 'pod install' or update your CocoaPods installation.\" >&2\n    exit 1\nfi\n# This output is used by Xcode 'outputs' to avoid re-running this script phase.\necho \"SUCCESS\" > \"${SCRIPT_OUTPUT_FILE_0}\"\n";
			showEnvVarsInLog = 0;
		};
		79D8A8E5865AE18FCADCEFA9 /* [CP] Check Pods Manifest.lock */ = {
			isa = PBXShellScriptBuildPhase;
			buildActionMask = 2147483647;
			files = (
			);
			inputFileListPaths = (
			);
			inputPaths = (
				"${PODS_PODFILE_DIR_PATH}/Podfile.lock",
				"${PODS_ROOT}/Manifest.lock",
			);
			name = "[CP] Check Pods Manifest.lock";
			outputFileListPaths = (
			);
			outputPaths = (
				"$(DERIVED_FILE_DIR)/Pods-ServiceExtension-checkManifestLockResult.txt",
			);
			runOnlyForDeploymentPostprocessing = 0;
			shellPath = /bin/sh;
			shellScript = "diff \"${PODS_PODFILE_DIR_PATH}/Podfile.lock\" \"${PODS_ROOT}/Manifest.lock\" > /dev/null\nif [ $? != 0 ] ; then\n    # print error to STDERR\n    echo \"error: The sandbox is not in sync with the Podfile.lock. Run 'pod install' or update your CocoaPods installation.\" >&2\n    exit 1\nfi\n# This output is used by Xcode 'outputs' to avoid re-running this script phase.\necho \"SUCCESS\" > \"${SCRIPT_OUTPUT_FILE_0}\"\n";
			showEnvVarsInLog = 0;
		};
		EA037E9B183C6C1C7C392F5B /* [CP] Embed Pods Frameworks */ = {
			isa = PBXShellScriptBuildPhase;
			buildActionMask = 2147483647;
			files = (
			);
			inputFileListPaths = (
			);
			inputPaths = (
				"${SRCROOT}/Pods/Target Support Files/Pods-WEGExtensionApp/Pods-WEGExtensionApp-frameworks.sh",
				"${BUILT_PRODUCTS_DIR}/WebEngageBannerPush/WebEngageBannerPush.framework",
				"${BUILT_PRODUCTS_DIR}/WebEngageAppEx/WebEngageAppEx.framework",
			);
			name = "[CP] Embed Pods Frameworks";
			outputFileListPaths = (
			);
			outputPaths = (
				"${TARGET_BUILD_DIR}/${FRAMEWORKS_FOLDER_PATH}/WebEngageBannerPush.framework",
				"${TARGET_BUILD_DIR}/${FRAMEWORKS_FOLDER_PATH}/WebEngageAppEx.framework",
			);
			runOnlyForDeploymentPostprocessing = 0;
			shellPath = /bin/sh;
			shellScript = "\"${SRCROOT}/Pods/Target Support Files/Pods-WEGExtensionApp/Pods-WEGExtensionApp-frameworks.sh\"\n";
			showEnvVarsInLog = 0;
		};
		F16A2A59397B8F4AD3A22D55 /* [CP] Check Pods Manifest.lock */ = {
			isa = PBXShellScriptBuildPhase;
			buildActionMask = 2147483647;
			files = (
			);
			inputFileListPaths = (
			);
			inputPaths = (
				"${PODS_PODFILE_DIR_PATH}/Podfile.lock",
				"${PODS_ROOT}/Manifest.lock",
			);
			name = "[CP] Check Pods Manifest.lock";
			outputFileListPaths = (
			);
			outputPaths = (
				"$(DERIVED_FILE_DIR)/Pods-WEGExtensionApp-checkManifestLockResult.txt",
			);
			runOnlyForDeploymentPostprocessing = 0;
			shellPath = /bin/sh;
			shellScript = "diff \"${PODS_PODFILE_DIR_PATH}/Podfile.lock\" \"${PODS_ROOT}/Manifest.lock\" > /dev/null\nif [ $? != 0 ] ; then\n    # print error to STDERR\n    echo \"error: The sandbox is not in sync with the Podfile.lock. Run 'pod install' or update your CocoaPods installation.\" >&2\n    exit 1\nfi\n# This output is used by Xcode 'outputs' to avoid re-running this script phase.\necho \"SUCCESS\" > \"${SCRIPT_OUTPUT_FILE_0}\"\n";
			showEnvVarsInLog = 0;
		};
/* End PBXShellScriptBuildPhase section */

/* Begin PBXSourcesBuildPhase section */
		EC427EEA21B6987C001EC77F /* Sources */ = {
			isa = PBXSourcesBuildPhase;
			buildActionMask = 2147483647;
			files = (
				EC9A3D9D21B6B07900C63B7D /* WEXRichPushLayout.m in Sources */,
				EC427EF421B6987C001EC77F /* ViewController.swift in Sources */,
				EC427EF221B6987C001EC77F /* AppDelegate.swift in Sources */,
				EC9A3D9421B6B07900C63B7D /* WEXRichPushNotificationViewController.m in Sources */,
				EC9A3D9A21B6B07900C63B7D /* WEXRatingPushNotificationViewController.m in Sources */,
				EC9A3DA321B6B07900C63B7D /* WEXAnalytics.m in Sources */,
				EC9A3D9721B6B07900C63B7D /* WEXCarouselPushNotificationViewController.m in Sources */,
				EC9A3DA621B6B07900C63B7D /* WEXUser.m in Sources */,
				EC9A3D9121B6B07900C63B7D /* WEXPushNotificationService.m in Sources */,
				EC9A3DA921B6B07900C63B7D /* WEXCoreUtils.m in Sources */,
			);
			runOnlyForDeploymentPostprocessing = 0;
		};
		EC427F0321B698A3001EC77F /* Sources */ = {
			isa = PBXSourcesBuildPhase;
			buildActionMask = 2147483647;
			files = (
				EC9A3D9B21B6B07900C63B7D /* WEXRatingPushNotificationViewController.m in Sources */,
				EC427F0A21B698A3001EC77F /* NotificationService.swift in Sources */,
				EC9A3D9521B6B07900C63B7D /* WEXRichPushNotificationViewController.m in Sources */,
				EC9A3D9821B6B07900C63B7D /* WEXCarouselPushNotificationViewController.m in Sources */,
				EC9A3D9E21B6B07900C63B7D /* WEXRichPushLayout.m in Sources */,
				EC9A3DAA21B6B07900C63B7D /* WEXCoreUtils.m in Sources */,
				EC9A3DA421B6B07900C63B7D /* WEXAnalytics.m in Sources */,
				EC9A3D9221B6B07900C63B7D /* WEXPushNotificationService.m in Sources */,
				EC9A3DA721B6B07900C63B7D /* WEXUser.m in Sources */,
			);
			runOnlyForDeploymentPostprocessing = 0;
		};
		EC427F1321B698BA001EC77F /* Sources */ = {
			isa = PBXSourcesBuildPhase;
			buildActionMask = 2147483647;
			files = (
				EC9A3D9C21B6B07900C63B7D /* WEXRatingPushNotificationViewController.m in Sources */,
				EC427F1F21B698BA001EC77F /* NotificationViewController.swift in Sources */,
				EC9A3D9621B6B07900C63B7D /* WEXRichPushNotificationViewController.m in Sources */,
				EC9A3D9921B6B07900C63B7D /* WEXCarouselPushNotificationViewController.m in Sources */,
				EC9A3D9F21B6B07900C63B7D /* WEXRichPushLayout.m in Sources */,
				EC9A3DAB21B6B07900C63B7D /* WEXCoreUtils.m in Sources */,
				EC9A3DA521B6B07900C63B7D /* WEXAnalytics.m in Sources */,
				EC9A3D9321B6B07900C63B7D /* WEXPushNotificationService.m in Sources */,
				EC9A3DA821B6B07900C63B7D /* WEXUser.m in Sources */,
			);
			runOnlyForDeploymentPostprocessing = 0;
		};
/* End PBXSourcesBuildPhase section */

/* Begin PBXTargetDependency section */
		EC427F0D21B698A3001EC77F /* PBXTargetDependency */ = {
			isa = PBXTargetDependency;
			target = EC427F0621B698A3001EC77F /* ServiceExtension */;
			targetProxy = EC427F0C21B698A3001EC77F /* PBXContainerItemProxy */;
		};
		EC427F2521B698BA001EC77F /* PBXTargetDependency */ = {
			isa = PBXTargetDependency;
			target = EC427F1621B698BA001EC77F /* ContentExtension */;
			targetProxy = EC427F2421B698BA001EC77F /* PBXContainerItemProxy */;
		};
/* End PBXTargetDependency section */

/* Begin PBXVariantGroup section */
		EC427EF521B6987C001EC77F /* Main.storyboard */ = {
			isa = PBXVariantGroup;
			children = (
				EC427EF621B6987C001EC77F /* Base */,
			);
			name = Main.storyboard;
			sourceTree = "<group>";
		};
		EC427EFA21B6987D001EC77F /* LaunchScreen.storyboard */ = {
			isa = PBXVariantGroup;
			children = (
				EC427EFB21B6987D001EC77F /* Base */,
			);
			name = LaunchScreen.storyboard;
			sourceTree = "<group>";
		};
		EC427F2021B698BA001EC77F /* MainInterface.storyboard */ = {
			isa = PBXVariantGroup;
			children = (
				EC427F2121B698BA001EC77F /* Base */,
			);
			name = MainInterface.storyboard;
			sourceTree = "<group>";
		};
/* End PBXVariantGroup section */

/* Begin XCBuildConfiguration section */
		EC427EFE21B6987D001EC77F /* Debug */ = {
			isa = XCBuildConfiguration;
			buildSettings = {
				ALWAYS_SEARCH_USER_PATHS = NO;
				CLANG_ANALYZER_NONNULL = YES;
				CLANG_ANALYZER_NUMBER_OBJECT_CONVERSION = YES_AGGRESSIVE;
				CLANG_CXX_LANGUAGE_STANDARD = "gnu++14";
				CLANG_CXX_LIBRARY = "libc++";
				CLANG_ENABLE_MODULES = YES;
				CLANG_ENABLE_OBJC_ARC = YES;
				CLANG_ENABLE_OBJC_WEAK = YES;
				CLANG_WARN_BLOCK_CAPTURE_AUTORELEASING = YES;
				CLANG_WARN_BOOL_CONVERSION = YES;
				CLANG_WARN_COMMA = YES;
				CLANG_WARN_CONSTANT_CONVERSION = YES;
				CLANG_WARN_DEPRECATED_OBJC_IMPLEMENTATIONS = YES;
				CLANG_WARN_DIRECT_OBJC_ISA_USAGE = YES_ERROR;
				CLANG_WARN_DOCUMENTATION_COMMENTS = YES;
				CLANG_WARN_EMPTY_BODY = YES;
				CLANG_WARN_ENUM_CONVERSION = YES;
				CLANG_WARN_INFINITE_RECURSION = YES;
				CLANG_WARN_INT_CONVERSION = YES;
				CLANG_WARN_NON_LITERAL_NULL_CONVERSION = YES;
				CLANG_WARN_OBJC_IMPLICIT_RETAIN_SELF = YES;
				CLANG_WARN_OBJC_LITERAL_CONVERSION = YES;
				CLANG_WARN_OBJC_ROOT_CLASS = YES_ERROR;
				CLANG_WARN_RANGE_LOOP_ANALYSIS = YES;
				CLANG_WARN_STRICT_PROTOTYPES = YES;
				CLANG_WARN_SUSPICIOUS_MOVE = YES;
				CLANG_WARN_UNGUARDED_AVAILABILITY = YES_AGGRESSIVE;
				CLANG_WARN_UNREACHABLE_CODE = YES;
				CLANG_WARN__DUPLICATE_METHOD_MATCH = YES;
				CODE_SIGN_IDENTITY = "iPhone Developer";
				COPY_PHASE_STRIP = NO;
				DEBUG_INFORMATION_FORMAT = dwarf;
				ENABLE_STRICT_OBJC_MSGSEND = YES;
				ENABLE_TESTABILITY = YES;
				GCC_C_LANGUAGE_STANDARD = gnu11;
				GCC_DYNAMIC_NO_PIC = NO;
				GCC_NO_COMMON_BLOCKS = YES;
				GCC_OPTIMIZATION_LEVEL = 0;
				GCC_PREPROCESSOR_DEFINITIONS = (
					"DEBUG=1",
					"$(inherited)",
				);
				GCC_WARN_64_TO_32_BIT_CONVERSION = YES;
				GCC_WARN_ABOUT_RETURN_TYPE = YES_ERROR;
				GCC_WARN_UNDECLARED_SELECTOR = YES;
				GCC_WARN_UNINITIALIZED_AUTOS = YES_AGGRESSIVE;
				GCC_WARN_UNUSED_FUNCTION = YES;
				GCC_WARN_UNUSED_VARIABLE = YES;
				IPHONEOS_DEPLOYMENT_TARGET = 12.1;
				MTL_ENABLE_DEBUG_INFO = INCLUDE_SOURCE;
				MTL_FAST_MATH = YES;
				ONLY_ACTIVE_ARCH = YES;
				SDKROOT = iphoneos;
				SWIFT_ACTIVE_COMPILATION_CONDITIONS = DEBUG;
				SWIFT_OPTIMIZATION_LEVEL = "-Onone";
			};
			name = Debug;
		};
		EC427EFF21B6987D001EC77F /* Release */ = {
			isa = XCBuildConfiguration;
			buildSettings = {
				ALWAYS_SEARCH_USER_PATHS = NO;
				CLANG_ANALYZER_NONNULL = YES;
				CLANG_ANALYZER_NUMBER_OBJECT_CONVERSION = YES_AGGRESSIVE;
				CLANG_CXX_LANGUAGE_STANDARD = "gnu++14";
				CLANG_CXX_LIBRARY = "libc++";
				CLANG_ENABLE_MODULES = YES;
				CLANG_ENABLE_OBJC_ARC = YES;
				CLANG_ENABLE_OBJC_WEAK = YES;
				CLANG_WARN_BLOCK_CAPTURE_AUTORELEASING = YES;
				CLANG_WARN_BOOL_CONVERSION = YES;
				CLANG_WARN_COMMA = YES;
				CLANG_WARN_CONSTANT_CONVERSION = YES;
				CLANG_WARN_DEPRECATED_OBJC_IMPLEMENTATIONS = YES;
				CLANG_WARN_DIRECT_OBJC_ISA_USAGE = YES_ERROR;
				CLANG_WARN_DOCUMENTATION_COMMENTS = YES;
				CLANG_WARN_EMPTY_BODY = YES;
				CLANG_WARN_ENUM_CONVERSION = YES;
				CLANG_WARN_INFINITE_RECURSION = YES;
				CLANG_WARN_INT_CONVERSION = YES;
				CLANG_WARN_NON_LITERAL_NULL_CONVERSION = YES;
				CLANG_WARN_OBJC_IMPLICIT_RETAIN_SELF = YES;
				CLANG_WARN_OBJC_LITERAL_CONVERSION = YES;
				CLANG_WARN_OBJC_ROOT_CLASS = YES_ERROR;
				CLANG_WARN_RANGE_LOOP_ANALYSIS = YES;
				CLANG_WARN_STRICT_PROTOTYPES = YES;
				CLANG_WARN_SUSPICIOUS_MOVE = YES;
				CLANG_WARN_UNGUARDED_AVAILABILITY = YES_AGGRESSIVE;
				CLANG_WARN_UNREACHABLE_CODE = YES;
				CLANG_WARN__DUPLICATE_METHOD_MATCH = YES;
				CODE_SIGN_IDENTITY = "iPhone Developer";
				COPY_PHASE_STRIP = NO;
				DEBUG_INFORMATION_FORMAT = "dwarf-with-dsym";
				ENABLE_NS_ASSERTIONS = NO;
				ENABLE_STRICT_OBJC_MSGSEND = YES;
				GCC_C_LANGUAGE_STANDARD = gnu11;
				GCC_NO_COMMON_BLOCKS = YES;
				GCC_WARN_64_TO_32_BIT_CONVERSION = YES;
				GCC_WARN_ABOUT_RETURN_TYPE = YES_ERROR;
				GCC_WARN_UNDECLARED_SELECTOR = YES;
				GCC_WARN_UNINITIALIZED_AUTOS = YES_AGGRESSIVE;
				GCC_WARN_UNUSED_FUNCTION = YES;
				GCC_WARN_UNUSED_VARIABLE = YES;
				IPHONEOS_DEPLOYMENT_TARGET = 12.1;
				MTL_ENABLE_DEBUG_INFO = NO;
				MTL_FAST_MATH = YES;
				SDKROOT = iphoneos;
				SWIFT_COMPILATION_MODE = wholemodule;
				SWIFT_OPTIMIZATION_LEVEL = "-O";
				VALIDATE_PRODUCT = YES;
			};
			name = Release;
		};
		EC427F0121B6987D001EC77F /* Debug */ = {
			isa = XCBuildConfiguration;
			baseConfigurationReference = 56A49FB8EB9E003121E4C723 /* Pods-WEGExtensionApp.debug.xcconfig */;
			buildSettings = {
				ALWAYS_EMBED_SWIFT_STANDARD_LIBRARIES = YES;
				ASSETCATALOG_COMPILER_APPICON_NAME = AppIcon;
				CODE_SIGN_STYLE = Automatic;
				DEVELOPMENT_TEAM = E59R2H2BZQ;
				INFOPLIST_FILE = WEGExtensionApp/Info.plist;
				IPHONEOS_DEPLOYMENT_TARGET = 9.0;
				LD_RUNPATH_SEARCH_PATHS = (
					"$(inherited)",
					"@executable_path/Frameworks",
				);
				PRODUCT_BUNDLE_IDENTIFIER = com.webengage.WEGExtensionApp;
				PRODUCT_NAME = "$(TARGET_NAME)";
				SWIFT_VERSION = 4.2;
				TARGETED_DEVICE_FAMILY = "1,2";
			};
			name = Debug;
		};
		EC427F0221B6987D001EC77F /* Release */ = {
			isa = XCBuildConfiguration;
			baseConfigurationReference = BF5C12043F19FA4C36D82355 /* Pods-WEGExtensionApp.release.xcconfig */;
			buildSettings = {
				ALWAYS_EMBED_SWIFT_STANDARD_LIBRARIES = YES;
				ASSETCATALOG_COMPILER_APPICON_NAME = AppIcon;
				CODE_SIGN_STYLE = Automatic;
				DEVELOPMENT_TEAM = E59R2H2BZQ;
				INFOPLIST_FILE = WEGExtensionApp/Info.plist;
				IPHONEOS_DEPLOYMENT_TARGET = 9.0;
				LD_RUNPATH_SEARCH_PATHS = (
					"$(inherited)",
					"@executable_path/Frameworks",
				);
				PRODUCT_BUNDLE_IDENTIFIER = com.webengage.WEGExtensionApp;
				PRODUCT_NAME = "$(TARGET_NAME)";
				SWIFT_VERSION = 4.2;
				TARGETED_DEVICE_FAMILY = "1,2";
			};
			name = Release;
		};
		EC427F1021B698A3001EC77F /* Debug */ = {
			isa = XCBuildConfiguration;
			baseConfigurationReference = B554331A99838E3647290F86 /* Pods-ServiceExtension.debug.xcconfig */;
			buildSettings = {
				CODE_SIGN_STYLE = Automatic;
				DEVELOPMENT_TEAM = E59R2H2BZQ;
				INFOPLIST_FILE = ServiceExtension/Info.plist;
				IPHONEOS_DEPLOYMENT_TARGET = 10.0;
				LD_RUNPATH_SEARCH_PATHS = (
					"$(inherited)",
					"@executable_path/Frameworks",
					"@executable_path/../../Frameworks",
				);
				PRODUCT_BUNDLE_IDENTIFIER = com.webengage.WEGExtensionApp.ServiceExtension;
				PRODUCT_NAME = "$(TARGET_NAME)";
				SKIP_INSTALL = YES;
				SWIFT_VERSION = 4.2;
				TARGETED_DEVICE_FAMILY = "1,2";
			};
			name = Debug;
		};
		EC427F1121B698A3001EC77F /* Release */ = {
			isa = XCBuildConfiguration;
			baseConfigurationReference = F0475B5723990666CF117C65 /* Pods-ServiceExtension.release.xcconfig */;
			buildSettings = {
				CODE_SIGN_STYLE = Automatic;
				DEVELOPMENT_TEAM = E59R2H2BZQ;
				INFOPLIST_FILE = ServiceExtension/Info.plist;
				IPHONEOS_DEPLOYMENT_TARGET = 10.0;
				LD_RUNPATH_SEARCH_PATHS = (
					"$(inherited)",
					"@executable_path/Frameworks",
					"@executable_path/../../Frameworks",
				);
				PRODUCT_BUNDLE_IDENTIFIER = com.webengage.WEGExtensionApp.ServiceExtension;
				PRODUCT_NAME = "$(TARGET_NAME)";
				SKIP_INSTALL = YES;
				SWIFT_VERSION = 4.2;
				TARGETED_DEVICE_FAMILY = "1,2";
			};
			name = Release;
		};
		EC427F2821B698BB001EC77F /* Debug */ = {
			isa = XCBuildConfiguration;
			baseConfigurationReference = 8288374F4CC9F6A69DC1929F /* Pods-ContentExtension.debug.xcconfig */;
			buildSettings = {
				CODE_SIGN_IDENTITY = "iPhone Developer";
				CODE_SIGN_STYLE = Automatic;
				DEVELOPMENT_TEAM = E59R2H2BZQ;
				INFOPLIST_FILE = ContentExtension/Info.plist;
				IPHONEOS_DEPLOYMENT_TARGET = 10.0;
				LD_RUNPATH_SEARCH_PATHS = (
					"$(inherited)",
					"@executable_path/Frameworks",
					"@executable_path/../../Frameworks",
				);
				PRODUCT_BUNDLE_IDENTIFIER = com.webengage.WEGExtensionApp.ContentExtension;
				PRODUCT_NAME = "$(TARGET_NAME)";
				PROVISIONING_PROFILE_SPECIFIER = "";
				SKIP_INSTALL = YES;
				SWIFT_VERSION = 4.2;
				TARGETED_DEVICE_FAMILY = "1,2";
			};
			name = Debug;
		};
		EC427F2921B698BB001EC77F /* Release */ = {
			isa = XCBuildConfiguration;
			baseConfigurationReference = CF34E9CCD03C284D4C70479B /* Pods-ContentExtension.release.xcconfig */;
			buildSettings = {
				CODE_SIGN_IDENTITY = "iPhone Developer";
				CODE_SIGN_STYLE = Automatic;
				DEVELOPMENT_TEAM = E59R2H2BZQ;
				INFOPLIST_FILE = ContentExtension/Info.plist;
				IPHONEOS_DEPLOYMENT_TARGET = 10.0;
				LD_RUNPATH_SEARCH_PATHS = (
					"$(inherited)",
					"@executable_path/Frameworks",
					"@executable_path/../../Frameworks",
				);
				PRODUCT_BUNDLE_IDENTIFIER = com.webengage.WEGExtensionApp.ContentExtension;
				PRODUCT_NAME = "$(TARGET_NAME)";
				PROVISIONING_PROFILE_SPECIFIER = "";
				SKIP_INSTALL = YES;
				SWIFT_VERSION = 4.2;
				TARGETED_DEVICE_FAMILY = "1,2";
			};
			name = Release;
		};
/* End XCBuildConfiguration section */

/* Begin XCConfigurationList section */
		EC427EE921B6987C001EC77F /* Build configuration list for PBXProject "WEGExtensionApp" */ = {
			isa = XCConfigurationList;
			buildConfigurations = (
				EC427EFE21B6987D001EC77F /* Debug */,
				EC427EFF21B6987D001EC77F /* Release */,
			);
			defaultConfigurationIsVisible = 0;
			defaultConfigurationName = Release;
		};
		EC427F0021B6987D001EC77F /* Build configuration list for PBXNativeTarget "WEGExtensionApp" */ = {
			isa = XCConfigurationList;
			buildConfigurations = (
				EC427F0121B6987D001EC77F /* Debug */,
				EC427F0221B6987D001EC77F /* Release */,
			);
			defaultConfigurationIsVisible = 0;
			defaultConfigurationName = Release;
		};
		EC427F0F21B698A3001EC77F /* Build configuration list for PBXNativeTarget "ServiceExtension" */ = {
			isa = XCConfigurationList;
			buildConfigurations = (
				EC427F1021B698A3001EC77F /* Debug */,
				EC427F1121B698A3001EC77F /* Release */,
			);
			defaultConfigurationIsVisible = 0;
			defaultConfigurationName = Release;
		};
		EC427F2721B698BB001EC77F /* Build configuration list for PBXNativeTarget "ContentExtension" */ = {
			isa = XCConfigurationList;
			buildConfigurations = (
				EC427F2821B698BB001EC77F /* Debug */,
				EC427F2921B698BB001EC77F /* Release */,
			);
			defaultConfigurationIsVisible = 0;
			defaultConfigurationName = Release;
		};
/* End XCConfigurationList section */
	};
	rootObject = EC427EE621B6987C001EC77F /* Project object */;
}
